// !$*UTF8*$!
{
	archiveVersion = 1;
	classes = {
	};
	objectVersion = 55;
	objects = {

/* Begin PBXBuildFile section */
		602B5EA3BBE7453B362B7932 /* Pods_AxaTest.framework in Frameworks */ = {isa = PBXBuildFile; fileRef = E5A4BD426697A7C2B9A646FA /* Pods_AxaTest.framework */; };
		6F03B495283F88FC0047E456 /* City.swift in Sources */ = {isa = PBXBuildFile; fileRef = 6F03B494283F88FC0047E456 /* City.swift */; };
		6F03B497283FB35E0047E456 /* NetworkErrors+Extensions.swift in Sources */ = {isa = PBXBuildFile; fileRef = 6F03B496283FB35E0047E456 /* NetworkErrors+Extensions.swift */; };
		6F03B49A283FB4130047E456 /* String+Extensions.swift in Sources */ = {isa = PBXBuildFile; fileRef = 6F03B499283FB4130047E456 /* String+Extensions.swift */; };
		6F03B49C283FB4710047E456 /* Localizable.strings in Resources */ = {isa = PBXBuildFile; fileRef = 6F03B49B283FB4710047E456 /* Localizable.strings */; };
		6F03B49E283FC6DE0047E456 /* Collection+Extensions.swift in Sources */ = {isa = PBXBuildFile; fileRef = 6F03B49D283FC6DE0047E456 /* Collection+Extensions.swift */; };
		6F03B4A02840E6280047E456 /* FilterViewController.swift in Sources */ = {isa = PBXBuildFile; fileRef = 6F03B49F2840E6280047E456 /* FilterViewController.swift */; };
		6F03B4A32840EACB0047E456 /* GridViewModel.swift in Sources */ = {isa = PBXBuildFile; fileRef = 6F03B4A22840EACB0047E456 /* GridViewModel.swift */; };
		6F03B4A52840EAF70047E456 /* BaseViewController.swift in Sources */ = {isa = PBXBuildFile; fileRef = 6F03B4A42840EAF70047E456 /* BaseViewController.swift */; };
		6F03B4A72840EB300047E456 /* BaseViewModel.swift in Sources */ = {isa = PBXBuildFile; fileRef = 6F03B4A62840EB300047E456 /* BaseViewModel.swift */; };
		6F03B4AA2840EB630047E456 /* Box.swift in Sources */ = {isa = PBXBuildFile; fileRef = 6F03B4A92840EB630047E456 /* Box.swift */; };
		6F03B4AD284230B00047E456 /* DependencyInjector.swift in Sources */ = {isa = PBXBuildFile; fileRef = 6F03B4AC284230B00047E456 /* DependencyInjector.swift */; };
		6F03B4AF284230C80047E456 /* GridDI.swift in Sources */ = {isa = PBXBuildFile; fileRef = 6F03B4AE284230C80047E456 /* GridDI.swift */; };
		6F03B4B2284231A00047E456 /* CharacterGridUi.swift in Sources */ = {isa = PBXBuildFile; fileRef = 6F03B4B1284231A00047E456 /* CharacterGridUi.swift */; };
		6F03B4B52842368E0047E456 /* GetCharactersUseCase.swift in Sources */ = {isa = PBXBuildFile; fileRef = 6F03B4B42842368E0047E456 /* GetCharactersUseCase.swift */; };
		6F03B4B7284236B40047E456 /* GetFilteredCharactersUseCase.swift in Sources */ = {isa = PBXBuildFile; fileRef = 6F03B4B6284236B40047E456 /* GetFilteredCharactersUseCase.swift */; };
		6F03B4B9284236DB0047E456 /* GetFilterValuesUseCase.swift in Sources */ = {isa = PBXBuildFile; fileRef = 6F03B4B8284236DB0047E456 /* GetFilterValuesUseCase.swift */; };
		6F03B4BB284236EA0047E456 /* GetActiveFilterUseCase.swift in Sources */ = {isa = PBXBuildFile; fileRef = 6F03B4BA284236EA0047E456 /* GetActiveFilterUseCase.swift */; };
		6F03B4BD284236F90047E456 /* SaveActiveFilterUseCase.swift in Sources */ = {isa = PBXBuildFile; fileRef = 6F03B4BC284236F90047E456 /* SaveActiveFilterUseCase.swift */; };
		6F03B4BF284237050047E456 /* ResetActiveFilterUseCase.swift in Sources */ = {isa = PBXBuildFile; fileRef = 6F03B4BE284237050047E456 /* ResetActiveFilterUseCase.swift */; };
		6F03B4C2284237B70047E456 /* NonPersistentRepositoryProtocol.swift in Sources */ = {isa = PBXBuildFile; fileRef = 6F03B4C1284237B70047E456 /* NonPersistentRepositoryProtocol.swift */; };
		6F03B4C4284237F60047E456 /* NonPersistentRepository.swift in Sources */ = {isa = PBXBuildFile; fileRef = 6F03B4C3284237F60047E456 /* NonPersistentRepository.swift */; };
		6F03B4C728423C2F0047E456 /* Character+Mapper.swift in Sources */ = {isa = PBXBuildFile; fileRef = 6F03B4C628423C2F0047E456 /* Character+Mapper.swift */; };
		6F03B4C928423F2F0047E456 /* GridRouter.swift in Sources */ = {isa = PBXBuildFile; fileRef = 6F03B4C828423F2F0047E456 /* GridRouter.swift */; };
		6F03B4CB284240860047E456 /* FilterDI.swift in Sources */ = {isa = PBXBuildFile; fileRef = 6F03B4CA284240860047E456 /* FilterDI.swift */; };
		6F03B4CD284242210047E456 /* GetSelectedCharacter.swift in Sources */ = {isa = PBXBuildFile; fileRef = 6F03B4CC284242210047E456 /* GetSelectedCharacter.swift */; };
		6F03B4CF2842422E0047E456 /* SaveSelectedCharacter.swift in Sources */ = {isa = PBXBuildFile; fileRef = 6F03B4CE2842422E0047E456 /* SaveSelectedCharacter.swift */; };
		6F03B4D328424ADB0047E456 /* Filter.swift in Sources */ = {isa = PBXBuildFile; fileRef = 6F03B4D228424ADB0047E456 /* Filter.swift */; };
		6F03B4D728424DCC0047E456 /* NonPersistentErrors.swift in Sources */ = {isa = PBXBuildFile; fileRef = 6F03B4D628424DCC0047E456 /* NonPersistentErrors.swift */; };
		6F03B4D928424E0A0047E456 /* NonPersistentErrors+Extensions.swift in Sources */ = {isa = PBXBuildFile; fileRef = 6F03B4D828424E0A0047E456 /* NonPersistentErrors+Extensions.swift */; };
		6F03B4DB284253C50047E456 /* Array+Extensions.swift in Sources */ = {isa = PBXBuildFile; fileRef = 6F03B4DA284253C50047E456 /* Array+Extensions.swift */; };
		6F03B4DD2842777E0047E456 /* CharacterDetailsViewController.swift in Sources */ = {isa = PBXBuildFile; fileRef = 6F03B4DC2842777E0047E456 /* CharacterDetailsViewController.swift */; };
		6F03B4DF284277E60047E456 /* CharacterDetailsDI.swift in Sources */ = {isa = PBXBuildFile; fileRef = 6F03B4DE284277E60047E456 /* CharacterDetailsDI.swift */; };
		6F03B4E228427FB50047E456 /* FilterViewModel.swift in Sources */ = {isa = PBXBuildFile; fileRef = 6F03B4E128427FB50047E456 /* FilterViewModel.swift */; };
		6F03B4E42843C0DB0047E456 /* FilterConfigUi.swift in Sources */ = {isa = PBXBuildFile; fileRef = 6F03B4E32843C0DB0047E456 /* FilterConfigUi.swift */; };
		6F03B4E72843C3B90047E456 /* CharacterDetailsUi.swift in Sources */ = {isa = PBXBuildFile; fileRef = 6F03B4E62843C3B90047E456 /* CharacterDetailsUi.swift */; };
		6F03B4EC2843C7660047E456 /* Filter+Mapper.swift in Sources */ = {isa = PBXBuildFile; fileRef = 6F03B4EB2843C7660047E456 /* Filter+Mapper.swift */; };
		6F03B4F02843CCB00047E456 /* CharacterDetailsViewModel.swift in Sources */ = {isa = PBXBuildFile; fileRef = 6F03B4EF2843CCB00047E456 /* CharacterDetailsViewModel.swift */; };
		6F3BE94F2844D1A100FF619B /* GridViewCell.swift in Sources */ = {isa = PBXBuildFile; fileRef = 6F3BE94E2844D1A100FF619B /* GridViewCell.swift */; };
		6F6E6395283F794B004347DE /* NetworkRepository.swift in Sources */ = {isa = PBXBuildFile; fileRef = 6F6E6394283F794B004347DE /* NetworkRepository.swift */; };
		6F6E6397283F79AF004347DE /* GetCharacters.swift in Sources */ = {isa = PBXBuildFile; fileRef = 6F6E6396283F79AF004347DE /* GetCharacters.swift */; };
		6F6E639A283F7AAE004347DE /* NetworkRepositoryProtocol.swift in Sources */ = {isa = PBXBuildFile; fileRef = 6F6E6399283F7AAE004347DE /* NetworkRepositoryProtocol.swift */; };
		6F6E639D283F8324004347DE /* Character.swift in Sources */ = {isa = PBXBuildFile; fileRef = 6F6E639C283F8324004347DE /* Character.swift */; };
		6F6E63A1283F8447004347DE /* NetworkErrors.swift in Sources */ = {isa = PBXBuildFile; fileRef = 6F6E63A0283F8447004347DE /* NetworkErrors.swift */; };
		6FD09EE2283F724B0015567C /* AppDelegate.swift in Sources */ = {isa = PBXBuildFile; fileRef = 6FD09EE1283F724B0015567C /* AppDelegate.swift */; };
		6FD09EE4283F724B0015567C /* SceneDelegate.swift in Sources */ = {isa = PBXBuildFile; fileRef = 6FD09EE3283F724B0015567C /* SceneDelegate.swift */; };
		6FD09EE6283F724B0015567C /* GridViewController.swift in Sources */ = {isa = PBXBuildFile; fileRef = 6FD09EE5283F724B0015567C /* GridViewController.swift */; };
		6FD09EE9283F724B0015567C /* Main.storyboard in Resources */ = {isa = PBXBuildFile; fileRef = 6FD09EE7283F724B0015567C /* Main.storyboard */; };
		6FD09EEB283F724B0015567C /* Assets.xcassets in Resources */ = {isa = PBXBuildFile; fileRef = 6FD09EEA283F724B0015567C /* Assets.xcassets */; };
		6FD09EEE283F724B0015567C /* LaunchScreen.storyboard in Resources */ = {isa = PBXBuildFile; fileRef = 6FD09EEC283F724B0015567C /* LaunchScreen.storyboard */; };
		6FD09EF9283F724B0015567C /* AxaTestTests.swift in Sources */ = {isa = PBXBuildFile; fileRef = 6FD09EF8283F724B0015567C /* AxaTestTests.swift */; };
		6FD09F03283F724B0015567C /* AxaTestUITests.swift in Sources */ = {isa = PBXBuildFile; fileRef = 6FD09F02283F724B0015567C /* AxaTestUITests.swift */; };
		6FD09F05283F724B0015567C /* AxaTestUITestsLaunchTests.swift in Sources */ = {isa = PBXBuildFile; fileRef = 6FD09F04283F724B0015567C /* AxaTestUITestsLaunchTests.swift */; };
		6FD71737284518D1001202EC /* UIImageViewRounded.swift in Sources */ = {isa = PBXBuildFile; fileRef = 6FD71736284518D1001202EC /* UIImageViewRounded.swift */; };
		6FD71739284523D0001202EC /* UIFont+Extensions.swift in Sources */ = {isa = PBXBuildFile; fileRef = 6FD71738284523D0001202EC /* UIFont+Extensions.swift */; };
		6FD7173E28452466001202EC /* Lato-Bold.ttf in Resources */ = {isa = PBXBuildFile; fileRef = 6FD7173B28452466001202EC /* Lato-Bold.ttf */; };
		6FD7173F28452466001202EC /* Lato-Regular.ttf in Resources */ = {isa = PBXBuildFile; fileRef = 6FD7173C28452466001202EC /* Lato-Regular.ttf */; };
		6FD7174028452466001202EC /* Lato-Black.ttf in Resources */ = {isa = PBXBuildFile; fileRef = 6FD7173D28452466001202EC /* Lato-Black.ttf */; };
		6FD7174428452D0A001202EC /* UIViewShadowable.swift in Sources */ = {isa = PBXBuildFile; fileRef = 6FD7174328452D0A001202EC /* UIViewShadowable.swift */; };
		6FD7174628453CF7001202EC /* BlackCastleMF.ttf in Resources */ = {isa = PBXBuildFile; fileRef = 6FD7174528453CF7001202EC /* BlackCastleMF.ttf */; };
		6FD7174C284618AB001202EC /* CharacterName.swift in Sources */ = {isa = PBXBuildFile; fileRef = 6FD7174B284618AB001202EC /* CharacterName.swift */; };
		6FD7174E28461AA9001202EC /* NSAttributedString+Extensions.swift in Sources */ = {isa = PBXBuildFile; fileRef = 6FD7174D28461AA9001202EC /* NSAttributedString+Extensions.swift */; };
		6FD7175028461F45001202EC /* FriendUi.swift in Sources */ = {isa = PBXBuildFile; fileRef = 6FD7174F28461F45001202EC /* FriendUi.swift */; };
		6FD717522846215D001202EC /* GetCharactersByNameUseCase.swift in Sources */ = {isa = PBXBuildFile; fileRef = 6FD717512846215D001202EC /* GetCharactersByNameUseCase.swift */; };
		6FD7175428462BE1001202EC /* FriendViewCell.swift in Sources */ = {isa = PBXBuildFile; fileRef = 6FD7175328462BE1001202EC /* FriendViewCell.swift */; };
		6FD7175628462D20001202EC /* FriendViewCell.xib in Resources */ = {isa = PBXBuildFile; fileRef = 6FD7175528462D20001202EC /* FriendViewCell.xib */; };
		6FD7175828462FD0001202EC /* NSObject+Extensions.swift in Sources */ = {isa = PBXBuildFile; fileRef = 6FD7175728462FD0001202EC /* NSObject+Extensions.swift */; };
		6FD7175A28463D98001202EC /* CharacterDetailsRouter.swift in Sources */ = {isa = PBXBuildFile; fileRef = 6FD7175928463D98001202EC /* CharacterDetailsRouter.swift */; };
		6FD7175C2846614C001202EC /* AvatarImageView.swift in Sources */ = {isa = PBXBuildFile; fileRef = 6FD7175B2846614C001202EC /* AvatarImageView.swift */; };
		6FD7175E28466178001202EC /* AvatarImageView.xib in Resources */ = {isa = PBXBuildFile; fileRef = 6FD7175D28466178001202EC /* AvatarImageView.xib */; };
		6FD71762284662CE001202EC /* UIViewFromNib.swift in Sources */ = {isa = PBXBuildFile; fileRef = 6FD71761284662CE001202EC /* UIViewFromNib.swift */; };
		6FFD342828474C9B0072DEB5 /* FilterRouter.swift in Sources */ = {isa = PBXBuildFile; fileRef = 6FFD342728474C9B0072DEB5 /* FilterRouter.swift */; };
		6FFD342A284755A50072DEB5 /* FilterOptionsViewController.swift in Sources */ = {isa = PBXBuildFile; fileRef = 6FFD3429284755A50072DEB5 /* FilterOptionsViewController.swift */; };
		6FFD342C284756A50072DEB5 /* FilterOptionUi.swift in Sources */ = {isa = PBXBuildFile; fileRef = 6FFD342B284756A50072DEB5 /* FilterOptionUi.swift */; };
		6FFD342E2847A86F0072DEB5 /* CachedRepository.swift in Sources */ = {isa = PBXBuildFile; fileRef = 6FFD342D2847A86F0072DEB5 /* CachedRepository.swift */; };
		6FFD34302847AAAD0072DEB5 /* CachedRepositoryProtocol.swift in Sources */ = {isa = PBXBuildFile; fileRef = 6FFD342F2847AAAD0072DEB5 /* CachedRepositoryProtocol.swift */; };
		E77785E24A5ADD8A7CAE2BA1 /* Pods_AxaTest_AxaTestUITests.framework in Frameworks */ = {isa = PBXBuildFile; fileRef = 620150909DE46FE5C647E2F8 /* Pods_AxaTest_AxaTestUITests.framework */; };
		F941F6721671F6C5FFF67DD3 /* Pods_AxaTestTests.framework in Frameworks */ = {isa = PBXBuildFile; fileRef = 2AD34A9E78A22A7D73DDE275 /* Pods_AxaTestTests.framework */; };
/* End PBXBuildFile section */

/* Begin PBXContainerItemProxy section */
		6FD09EF5283F724B0015567C /* PBXContainerItemProxy */ = {
			isa = PBXContainerItemProxy;
			containerPortal = 6FD09ED6283F724B0015567C /* Project object */;
			proxyType = 1;
			remoteGlobalIDString = 6FD09EDD283F724B0015567C;
			remoteInfo = AxaTest;
		};
		6FD09EFF283F724B0015567C /* PBXContainerItemProxy */ = {
			isa = PBXContainerItemProxy;
			containerPortal = 6FD09ED6283F724B0015567C /* Project object */;
			proxyType = 1;
			remoteGlobalIDString = 6FD09EDD283F724B0015567C;
			remoteInfo = AxaTest;
		};
/* End PBXContainerItemProxy section */

/* Begin PBXFileReference section */
		1B7305B7A95BC5F29A277197 /* Pods-AxaTest-AxaTestUITests.debug.xcconfig */ = {isa = PBXFileReference; includeInIndex = 1; lastKnownFileType = text.xcconfig; name = "Pods-AxaTest-AxaTestUITests.debug.xcconfig"; path = "Target Support Files/Pods-AxaTest-AxaTestUITests/Pods-AxaTest-AxaTestUITests.debug.xcconfig"; sourceTree = "<group>"; };
		2AD34A9E78A22A7D73DDE275 /* Pods_AxaTestTests.framework */ = {isa = PBXFileReference; explicitFileType = wrapper.framework; includeInIndex = 0; path = Pods_AxaTestTests.framework; sourceTree = BUILT_PRODUCTS_DIR; };
		369DF5924A8F8BE1EFA8A63B /* Pods-AxaTest.debug.xcconfig */ = {isa = PBXFileReference; includeInIndex = 1; lastKnownFileType = text.xcconfig; name = "Pods-AxaTest.debug.xcconfig"; path = "Target Support Files/Pods-AxaTest/Pods-AxaTest.debug.xcconfig"; sourceTree = "<group>"; };
		620150909DE46FE5C647E2F8 /* Pods_AxaTest_AxaTestUITests.framework */ = {isa = PBXFileReference; explicitFileType = wrapper.framework; includeInIndex = 0; path = Pods_AxaTest_AxaTestUITests.framework; sourceTree = BUILT_PRODUCTS_DIR; };
		6F03B494283F88FC0047E456 /* City.swift */ = {isa = PBXFileReference; lastKnownFileType = sourcecode.swift; path = City.swift; sourceTree = "<group>"; };
		6F03B496283FB35E0047E456 /* NetworkErrors+Extensions.swift */ = {isa = PBXFileReference; lastKnownFileType = sourcecode.swift; path = "NetworkErrors+Extensions.swift"; sourceTree = "<group>"; };
		6F03B499283FB4130047E456 /* String+Extensions.swift */ = {isa = PBXFileReference; lastKnownFileType = sourcecode.swift; path = "String+Extensions.swift"; sourceTree = "<group>"; };
		6F03B49B283FB4710047E456 /* Localizable.strings */ = {isa = PBXFileReference; lastKnownFileType = text.plist.strings; path = Localizable.strings; sourceTree = "<group>"; };
		6F03B49D283FC6DE0047E456 /* Collection+Extensions.swift */ = {isa = PBXFileReference; lastKnownFileType = sourcecode.swift; path = "Collection+Extensions.swift"; sourceTree = "<group>"; };
		6F03B49F2840E6280047E456 /* FilterViewController.swift */ = {isa = PBXFileReference; lastKnownFileType = sourcecode.swift; path = FilterViewController.swift; sourceTree = "<group>"; };
		6F03B4A22840EACB0047E456 /* GridViewModel.swift */ = {isa = PBXFileReference; lastKnownFileType = sourcecode.swift; path = GridViewModel.swift; sourceTree = "<group>"; };
		6F03B4A42840EAF70047E456 /* BaseViewController.swift */ = {isa = PBXFileReference; lastKnownFileType = sourcecode.swift; path = BaseViewController.swift; sourceTree = "<group>"; };
		6F03B4A62840EB300047E456 /* BaseViewModel.swift */ = {isa = PBXFileReference; lastKnownFileType = sourcecode.swift; path = BaseViewModel.swift; sourceTree = "<group>"; };
		6F03B4A92840EB630047E456 /* Box.swift */ = {isa = PBXFileReference; lastKnownFileType = sourcecode.swift; path = Box.swift; sourceTree = "<group>"; };
		6F03B4AC284230B00047E456 /* DependencyInjector.swift */ = {isa = PBXFileReference; lastKnownFileType = sourcecode.swift; path = DependencyInjector.swift; sourceTree = "<group>"; };
		6F03B4AE284230C80047E456 /* GridDI.swift */ = {isa = PBXFileReference; lastKnownFileType = sourcecode.swift; path = GridDI.swift; sourceTree = "<group>"; };
		6F03B4B1284231A00047E456 /* CharacterGridUi.swift */ = {isa = PBXFileReference; lastKnownFileType = sourcecode.swift; path = CharacterGridUi.swift; sourceTree = "<group>"; };
		6F03B4B42842368E0047E456 /* GetCharactersUseCase.swift */ = {isa = PBXFileReference; lastKnownFileType = sourcecode.swift; path = GetCharactersUseCase.swift; sourceTree = "<group>"; };
		6F03B4B6284236B40047E456 /* GetFilteredCharactersUseCase.swift */ = {isa = PBXFileReference; lastKnownFileType = sourcecode.swift; path = GetFilteredCharactersUseCase.swift; sourceTree = "<group>"; };
		6F03B4B8284236DB0047E456 /* GetFilterValuesUseCase.swift */ = {isa = PBXFileReference; lastKnownFileType = sourcecode.swift; path = GetFilterValuesUseCase.swift; sourceTree = "<group>"; };
		6F03B4BA284236EA0047E456 /* GetActiveFilterUseCase.swift */ = {isa = PBXFileReference; lastKnownFileType = sourcecode.swift; path = GetActiveFilterUseCase.swift; sourceTree = "<group>"; };
		6F03B4BC284236F90047E456 /* SaveActiveFilterUseCase.swift */ = {isa = PBXFileReference; lastKnownFileType = sourcecode.swift; path = SaveActiveFilterUseCase.swift; sourceTree = "<group>"; };
		6F03B4BE284237050047E456 /* ResetActiveFilterUseCase.swift */ = {isa = PBXFileReference; lastKnownFileType = sourcecode.swift; path = ResetActiveFilterUseCase.swift; sourceTree = "<group>"; };
		6F03B4C1284237B70047E456 /* NonPersistentRepositoryProtocol.swift */ = {isa = PBXFileReference; lastKnownFileType = sourcecode.swift; path = NonPersistentRepositoryProtocol.swift; sourceTree = "<group>"; };
		6F03B4C3284237F60047E456 /* NonPersistentRepository.swift */ = {isa = PBXFileReference; lastKnownFileType = sourcecode.swift; path = NonPersistentRepository.swift; sourceTree = "<group>"; };
		6F03B4C628423C2F0047E456 /* Character+Mapper.swift */ = {isa = PBXFileReference; lastKnownFileType = sourcecode.swift; path = "Character+Mapper.swift"; sourceTree = "<group>"; };
		6F03B4C828423F2F0047E456 /* GridRouter.swift */ = {isa = PBXFileReference; lastKnownFileType = sourcecode.swift; path = GridRouter.swift; sourceTree = "<group>"; };
		6F03B4CA284240860047E456 /* FilterDI.swift */ = {isa = PBXFileReference; lastKnownFileType = sourcecode.swift; path = FilterDI.swift; sourceTree = "<group>"; };
		6F03B4CC284242210047E456 /* GetSelectedCharacter.swift */ = {isa = PBXFileReference; lastKnownFileType = sourcecode.swift; path = GetSelectedCharacter.swift; sourceTree = "<group>"; };
		6F03B4CE2842422E0047E456 /* SaveSelectedCharacter.swift */ = {isa = PBXFileReference; lastKnownFileType = sourcecode.swift; path = SaveSelectedCharacter.swift; sourceTree = "<group>"; };
		6F03B4D228424ADB0047E456 /* Filter.swift */ = {isa = PBXFileReference; lastKnownFileType = sourcecode.swift; path = Filter.swift; sourceTree = "<group>"; };
		6F03B4D628424DCC0047E456 /* NonPersistentErrors.swift */ = {isa = PBXFileReference; lastKnownFileType = sourcecode.swift; path = NonPersistentErrors.swift; sourceTree = "<group>"; };
		6F03B4D828424E0A0047E456 /* NonPersistentErrors+Extensions.swift */ = {isa = PBXFileReference; lastKnownFileType = sourcecode.swift; path = "NonPersistentErrors+Extensions.swift"; sourceTree = "<group>"; };
		6F03B4DA284253C50047E456 /* Array+Extensions.swift */ = {isa = PBXFileReference; lastKnownFileType = sourcecode.swift; path = "Array+Extensions.swift"; sourceTree = "<group>"; };
		6F03B4DC2842777E0047E456 /* CharacterDetailsViewController.swift */ = {isa = PBXFileReference; lastKnownFileType = sourcecode.swift; path = CharacterDetailsViewController.swift; sourceTree = "<group>"; };
		6F03B4DE284277E60047E456 /* CharacterDetailsDI.swift */ = {isa = PBXFileReference; lastKnownFileType = sourcecode.swift; path = CharacterDetailsDI.swift; sourceTree = "<group>"; };
		6F03B4E128427FB50047E456 /* FilterViewModel.swift */ = {isa = PBXFileReference; lastKnownFileType = sourcecode.swift; path = FilterViewModel.swift; sourceTree = "<group>"; };
		6F03B4E32843C0DB0047E456 /* FilterConfigUi.swift */ = {isa = PBXFileReference; lastKnownFileType = sourcecode.swift; path = FilterConfigUi.swift; sourceTree = "<group>"; };
		6F03B4E62843C3B90047E456 /* CharacterDetailsUi.swift */ = {isa = PBXFileReference; lastKnownFileType = sourcecode.swift; path = CharacterDetailsUi.swift; sourceTree = "<group>"; };
		6F03B4EB2843C7660047E456 /* Filter+Mapper.swift */ = {isa = PBXFileReference; lastKnownFileType = sourcecode.swift; path = "Filter+Mapper.swift"; sourceTree = "<group>"; };
		6F03B4EF2843CCB00047E456 /* CharacterDetailsViewModel.swift */ = {isa = PBXFileReference; lastKnownFileType = sourcecode.swift; path = CharacterDetailsViewModel.swift; sourceTree = "<group>"; };
		6F3BE94E2844D1A100FF619B /* GridViewCell.swift */ = {isa = PBXFileReference; lastKnownFileType = sourcecode.swift; path = GridViewCell.swift; sourceTree = "<group>"; };
		6F6E6394283F794B004347DE /* NetworkRepository.swift */ = {isa = PBXFileReference; lastKnownFileType = sourcecode.swift; path = NetworkRepository.swift; sourceTree = "<group>"; };
		6F6E6396283F79AF004347DE /* GetCharacters.swift */ = {isa = PBXFileReference; lastKnownFileType = sourcecode.swift; path = GetCharacters.swift; sourceTree = "<group>"; };
		6F6E6399283F7AAE004347DE /* NetworkRepositoryProtocol.swift */ = {isa = PBXFileReference; lastKnownFileType = sourcecode.swift; path = NetworkRepositoryProtocol.swift; sourceTree = "<group>"; };
		6F6E639C283F8324004347DE /* Character.swift */ = {isa = PBXFileReference; lastKnownFileType = sourcecode.swift; path = Character.swift; sourceTree = "<group>"; };
		6F6E63A0283F8447004347DE /* NetworkErrors.swift */ = {isa = PBXFileReference; lastKnownFileType = sourcecode.swift; path = NetworkErrors.swift; sourceTree = "<group>"; };
		6FD09EDE283F724B0015567C /* AxaTest.app */ = {isa = PBXFileReference; explicitFileType = wrapper.application; includeInIndex = 0; path = AxaTest.app; sourceTree = BUILT_PRODUCTS_DIR; };
		6FD09EE1283F724B0015567C /* AppDelegate.swift */ = {isa = PBXFileReference; lastKnownFileType = sourcecode.swift; path = AppDelegate.swift; sourceTree = "<group>"; };
		6FD09EE3283F724B0015567C /* SceneDelegate.swift */ = {isa = PBXFileReference; lastKnownFileType = sourcecode.swift; path = SceneDelegate.swift; sourceTree = "<group>"; };
		6FD09EE5283F724B0015567C /* GridViewController.swift */ = {isa = PBXFileReference; lastKnownFileType = sourcecode.swift; path = GridViewController.swift; sourceTree = "<group>"; };
		6FD09EE8283F724B0015567C /* Base */ = {isa = PBXFileReference; lastKnownFileType = file.storyboard; name = Base; path = Base.lproj/Main.storyboard; sourceTree = "<group>"; };
		6FD09EEA283F724B0015567C /* Assets.xcassets */ = {isa = PBXFileReference; lastKnownFileType = folder.assetcatalog; path = Assets.xcassets; sourceTree = "<group>"; };
		6FD09EED283F724B0015567C /* Base */ = {isa = PBXFileReference; lastKnownFileType = file.storyboard; name = Base; path = Base.lproj/LaunchScreen.storyboard; sourceTree = "<group>"; };
		6FD09EEF283F724B0015567C /* Info.plist */ = {isa = PBXFileReference; lastKnownFileType = text.plist.xml; path = Info.plist; sourceTree = "<group>"; };
		6FD09EF4283F724B0015567C /* AxaTestTests.xctest */ = {isa = PBXFileReference; explicitFileType = wrapper.cfbundle; includeInIndex = 0; path = AxaTestTests.xctest; sourceTree = BUILT_PRODUCTS_DIR; };
		6FD09EF8283F724B0015567C /* AxaTestTests.swift */ = {isa = PBXFileReference; lastKnownFileType = sourcecode.swift; path = AxaTestTests.swift; sourceTree = "<group>"; };
		6FD09EFE283F724B0015567C /* AxaTestUITests.xctest */ = {isa = PBXFileReference; explicitFileType = wrapper.cfbundle; includeInIndex = 0; path = AxaTestUITests.xctest; sourceTree = BUILT_PRODUCTS_DIR; };
		6FD09F02283F724B0015567C /* AxaTestUITests.swift */ = {isa = PBXFileReference; lastKnownFileType = sourcecode.swift; path = AxaTestUITests.swift; sourceTree = "<group>"; };
		6FD09F04283F724B0015567C /* AxaTestUITestsLaunchTests.swift */ = {isa = PBXFileReference; lastKnownFileType = sourcecode.swift; path = AxaTestUITestsLaunchTests.swift; sourceTree = "<group>"; };
		6FD71736284518D1001202EC /* UIImageViewRounded.swift */ = {isa = PBXFileReference; lastKnownFileType = sourcecode.swift; path = UIImageViewRounded.swift; sourceTree = "<group>"; };
		6FD71738284523D0001202EC /* UIFont+Extensions.swift */ = {isa = PBXFileReference; lastKnownFileType = sourcecode.swift; path = "UIFont+Extensions.swift"; sourceTree = "<group>"; };
		6FD7173B28452466001202EC /* Lato-Bold.ttf */ = {isa = PBXFileReference; lastKnownFileType = file; path = "Lato-Bold.ttf"; sourceTree = "<group>"; };
		6FD7173C28452466001202EC /* Lato-Regular.ttf */ = {isa = PBXFileReference; lastKnownFileType = file; path = "Lato-Regular.ttf"; sourceTree = "<group>"; };
		6FD7173D28452466001202EC /* Lato-Black.ttf */ = {isa = PBXFileReference; lastKnownFileType = file; path = "Lato-Black.ttf"; sourceTree = "<group>"; };
		6FD7174328452D0A001202EC /* UIViewShadowable.swift */ = {isa = PBXFileReference; lastKnownFileType = sourcecode.swift; path = UIViewShadowable.swift; sourceTree = "<group>"; };
		6FD7174528453CF7001202EC /* BlackCastleMF.ttf */ = {isa = PBXFileReference; lastKnownFileType = file; path = BlackCastleMF.ttf; sourceTree = "<group>"; };
		6FD7174B284618AB001202EC /* CharacterName.swift */ = {isa = PBXFileReference; lastKnownFileType = sourcecode.swift; path = CharacterName.swift; sourceTree = "<group>"; };
		6FD7174D28461AA9001202EC /* NSAttributedString+Extensions.swift */ = {isa = PBXFileReference; lastKnownFileType = sourcecode.swift; path = "NSAttributedString+Extensions.swift"; sourceTree = "<group>"; };
		6FD7174F28461F45001202EC /* FriendUi.swift */ = {isa = PBXFileReference; lastKnownFileType = sourcecode.swift; path = FriendUi.swift; sourceTree = "<group>"; };
		6FD717512846215D001202EC /* GetCharactersByNameUseCase.swift */ = {isa = PBXFileReference; lastKnownFileType = sourcecode.swift; path = GetCharactersByNameUseCase.swift; sourceTree = "<group>"; };
		6FD7175328462BE1001202EC /* FriendViewCell.swift */ = {isa = PBXFileReference; lastKnownFileType = sourcecode.swift; path = FriendViewCell.swift; sourceTree = "<group>"; };
		6FD7175528462D20001202EC /* FriendViewCell.xib */ = {isa = PBXFileReference; lastKnownFileType = file.xib; path = FriendViewCell.xib; sourceTree = "<group>"; };
		6FD7175728462FD0001202EC /* NSObject+Extensions.swift */ = {isa = PBXFileReference; lastKnownFileType = sourcecode.swift; path = "NSObject+Extensions.swift"; sourceTree = "<group>"; };
		6FD7175928463D98001202EC /* CharacterDetailsRouter.swift */ = {isa = PBXFileReference; lastKnownFileType = sourcecode.swift; path = CharacterDetailsRouter.swift; sourceTree = "<group>"; };
		6FD7175B2846614C001202EC /* AvatarImageView.swift */ = {isa = PBXFileReference; lastKnownFileType = sourcecode.swift; path = AvatarImageView.swift; sourceTree = "<group>"; };
		6FD7175D28466178001202EC /* AvatarImageView.xib */ = {isa = PBXFileReference; lastKnownFileType = file.xib; path = AvatarImageView.xib; sourceTree = "<group>"; };
		6FD71761284662CE001202EC /* UIViewFromNib.swift */ = {isa = PBXFileReference; lastKnownFileType = sourcecode.swift; path = UIViewFromNib.swift; sourceTree = "<group>"; };
		6FFD342728474C9B0072DEB5 /* FilterRouter.swift */ = {isa = PBXFileReference; lastKnownFileType = sourcecode.swift; path = FilterRouter.swift; sourceTree = "<group>"; };
		6FFD3429284755A50072DEB5 /* FilterOptionsViewController.swift */ = {isa = PBXFileReference; lastKnownFileType = sourcecode.swift; path = FilterOptionsViewController.swift; sourceTree = "<group>"; };
		6FFD342B284756A50072DEB5 /* FilterOptionUi.swift */ = {isa = PBXFileReference; lastKnownFileType = sourcecode.swift; path = FilterOptionUi.swift; sourceTree = "<group>"; };
		6FFD342D2847A86F0072DEB5 /* CachedRepository.swift */ = {isa = PBXFileReference; lastKnownFileType = sourcecode.swift; path = CachedRepository.swift; sourceTree = "<group>"; };
		6FFD342F2847AAAD0072DEB5 /* CachedRepositoryProtocol.swift */ = {isa = PBXFileReference; lastKnownFileType = sourcecode.swift; path = CachedRepositoryProtocol.swift; sourceTree = "<group>"; };
		95DF631263566C56E8D5AE08 /* Pods-AxaTestTests.release.xcconfig */ = {isa = PBXFileReference; includeInIndex = 1; lastKnownFileType = text.xcconfig; name = "Pods-AxaTestTests.release.xcconfig"; path = "Target Support Files/Pods-AxaTestTests/Pods-AxaTestTests.release.xcconfig"; sourceTree = "<group>"; };
		B7574474C8C9D2163CF2F809 /* Pods-AxaTest.release.xcconfig */ = {isa = PBXFileReference; includeInIndex = 1; lastKnownFileType = text.xcconfig; name = "Pods-AxaTest.release.xcconfig"; path = "Target Support Files/Pods-AxaTest/Pods-AxaTest.release.xcconfig"; sourceTree = "<group>"; };
		BC1C1C46B8494C47849A8A51 /* Pods-AxaTest-AxaTestUITests.release.xcconfig */ = {isa = PBXFileReference; includeInIndex = 1; lastKnownFileType = text.xcconfig; name = "Pods-AxaTest-AxaTestUITests.release.xcconfig"; path = "Target Support Files/Pods-AxaTest-AxaTestUITests/Pods-AxaTest-AxaTestUITests.release.xcconfig"; sourceTree = "<group>"; };
		BD5F6F504C505BE0661D8F67 /* Pods-AxaTestTests.debug.xcconfig */ = {isa = PBXFileReference; includeInIndex = 1; lastKnownFileType = text.xcconfig; name = "Pods-AxaTestTests.debug.xcconfig"; path = "Target Support Files/Pods-AxaTestTests/Pods-AxaTestTests.debug.xcconfig"; sourceTree = "<group>"; };
		E5A4BD426697A7C2B9A646FA /* Pods_AxaTest.framework */ = {isa = PBXFileReference; explicitFileType = wrapper.framework; includeInIndex = 0; path = Pods_AxaTest.framework; sourceTree = BUILT_PRODUCTS_DIR; };
/* End PBXFileReference section */

/* Begin PBXFrameworksBuildPhase section */
		6FD09EDB283F724B0015567C /* Frameworks */ = {
			isa = PBXFrameworksBuildPhase;
			buildActionMask = 2147483647;
			files = (
				602B5EA3BBE7453B362B7932 /* Pods_AxaTest.framework in Frameworks */,
			);
			runOnlyForDeploymentPostprocessing = 0;
		};
		6FD09EF1283F724B0015567C /* Frameworks */ = {
			isa = PBXFrameworksBuildPhase;
			buildActionMask = 2147483647;
			files = (
				F941F6721671F6C5FFF67DD3 /* Pods_AxaTestTests.framework in Frameworks */,
			);
			runOnlyForDeploymentPostprocessing = 0;
		};
		6FD09EFB283F724B0015567C /* Frameworks */ = {
			isa = PBXFrameworksBuildPhase;
			buildActionMask = 2147483647;
			files = (
				E77785E24A5ADD8A7CAE2BA1 /* Pods_AxaTest_AxaTestUITests.framework in Frameworks */,
			);
			runOnlyForDeploymentPostprocessing = 0;
		};
/* End PBXFrameworksBuildPhase section */

/* Begin PBXGroup section */
		14FB3A25114964EE97DE5B33 /* Pods */ = {
			isa = PBXGroup;
			children = (
				369DF5924A8F8BE1EFA8A63B /* Pods-AxaTest.debug.xcconfig */,
				B7574474C8C9D2163CF2F809 /* Pods-AxaTest.release.xcconfig */,
				1B7305B7A95BC5F29A277197 /* Pods-AxaTest-AxaTestUITests.debug.xcconfig */,
				BC1C1C46B8494C47849A8A51 /* Pods-AxaTest-AxaTestUITests.release.xcconfig */,
				BD5F6F504C505BE0661D8F67 /* Pods-AxaTestTests.debug.xcconfig */,
				95DF631263566C56E8D5AE08 /* Pods-AxaTestTests.release.xcconfig */,
			);
			path = Pods;
			sourceTree = "<group>";
		};
		6F03B498283FB4030047E456 /* extensions */ = {
			isa = PBXGroup;
			children = (
				6F03B496283FB35E0047E456 /* NetworkErrors+Extensions.swift */,
				6F03B4D828424E0A0047E456 /* NonPersistentErrors+Extensions.swift */,
				6FD7174D28461AA9001202EC /* NSAttributedString+Extensions.swift */,
				6F03B499283FB4130047E456 /* String+Extensions.swift */,
				6F03B49D283FC6DE0047E456 /* Collection+Extensions.swift */,
				6F03B4DA284253C50047E456 /* Array+Extensions.swift */,
				6FD71738284523D0001202EC /* UIFont+Extensions.swift */,
				6FD7175728462FD0001202EC /* NSObject+Extensions.swift */,
			);
			path = extensions;
			sourceTree = "<group>";
		};
		6F03B4A82840EB560047E456 /* utils */ = {
			isa = PBXGroup;
			children = (
				6FD7174B284618AB001202EC /* CharacterName.swift */,
				6F03B4A92840EB630047E456 /* Box.swift */,
				6FD7174328452D0A001202EC /* UIViewShadowable.swift */,
				6FD71736284518D1001202EC /* UIImageViewRounded.swift */,
				6FD7175B2846614C001202EC /* AvatarImageView.swift */,
				6FD71761284662CE001202EC /* UIViewFromNib.swift */,
			);
			path = utils;
			sourceTree = "<group>";
		};
		6F03B4AB284230A30047E456 /* di */ = {
			isa = PBXGroup;
			children = (
				6F03B4AC284230B00047E456 /* DependencyInjector.swift */,
				6F03B4AE284230C80047E456 /* GridDI.swift */,
				6F03B4CA284240860047E456 /* FilterDI.swift */,
				6F03B4DE284277E60047E456 /* CharacterDetailsDI.swift */,
			);
			path = di;
			sourceTree = "<group>";
		};
		6F03B4B32842366F0047E456 /* usecases */ = {
			isa = PBXGroup;
			children = (
				6F03B4B42842368E0047E456 /* GetCharactersUseCase.swift */,
				6F03B4B6284236B40047E456 /* GetFilteredCharactersUseCase.swift */,
				6F03B4B8284236DB0047E456 /* GetFilterValuesUseCase.swift */,
				6F03B4BC284236F90047E456 /* SaveActiveFilterUseCase.swift */,
				6F03B4BA284236EA0047E456 /* GetActiveFilterUseCase.swift */,
				6F03B4BE284237050047E456 /* ResetActiveFilterUseCase.swift */,
				6F03B4CE2842422E0047E456 /* SaveSelectedCharacter.swift */,
				6F03B4CC284242210047E456 /* GetSelectedCharacter.swift */,
				6FD717512846215D001202EC /* GetCharactersByNameUseCase.swift */,
			);
			path = usecases;
			sourceTree = "<group>";
		};
		6F03B4C0284237880047E456 /* nonpersistent */ = {
			isa = PBXGroup;
			children = (
				6F03B4D628424DCC0047E456 /* NonPersistentErrors.swift */,
				6F03B4C1284237B70047E456 /* NonPersistentRepositoryProtocol.swift */,
				6F03B4C3284237F60047E456 /* NonPersistentRepository.swift */,
			);
			path = nonpersistent;
			sourceTree = "<group>";
		};
		6F03B4C528423C080047E456 /* mappers */ = {
			isa = PBXGroup;
			children = (
				6F03B4C628423C2F0047E456 /* Character+Mapper.swift */,
				6F03B4EB2843C7660047E456 /* Filter+Mapper.swift */,
			);
			path = mappers;
			sourceTree = "<group>";
		};
		6F03B4E52843C3840047E456 /* models+ui */ = {
			isa = PBXGroup;
			children = (
				6F03B4B1284231A00047E456 /* CharacterGridUi.swift */,
				6F03B4E62843C3B90047E456 /* CharacterDetailsUi.swift */,
				6FD7174F28461F45001202EC /* FriendUi.swift */,
				6F03B4E32843C0DB0047E456 /* FilterConfigUi.swift */,
				6FFD342B284756A50072DEB5 /* FilterOptionUi.swift */,
			);
			path = "models+ui";
			sourceTree = "<group>";
		};
		6F6E638A283F7794004347DE /* resources */ = {
			isa = PBXGroup;
			children = (
				6FD7173A2845244C001202EC /* fonts */,
				6FD09EEF283F724B0015567C /* Info.plist */,
				6FD09EEA283F724B0015567C /* Assets.xcassets */,
				6F03B49B283FB4710047E456 /* Localizable.strings */,
			);
			path = resources;
			sourceTree = "<group>";
		};
		6F6E638B283F77B6004347DE /* views+viewmodels */ = {
			isa = PBXGroup;
			children = (
				6FD71765284670FA001202EC /* base */,
				6FD71766284670FF001202EC /* grid */,
				6FD7176728467105001202EC /* filter */,
				6FD7176828467110001202EC /* details */,
			);
			path = "views+viewmodels";
			sourceTree = "<group>";
		};
		6F6E638C283F77D3004347DE /* models */ = {
			isa = PBXGroup;
			children = (
				6F03B494283F88FC0047E456 /* City.swift */,
				6F6E639C283F8324004347DE /* Character.swift */,
				6F03B4D228424ADB0047E456 /* Filter.swift */,
			);
			path = models;
			sourceTree = "<group>";
		};
		6F6E6392283F7911004347DE /* repositories */ = {
			isa = PBXGroup;
			children = (
				6FFD342F2847AAAD0072DEB5 /* CachedRepositoryProtocol.swift */,
				6FFD342D2847A86F0072DEB5 /* CachedRepository.swift */,
				6F03B4C0284237880047E456 /* nonpersistent */,
				6F6E6393283F7924004347DE /* network */,
			);
			path = repositories;
			sourceTree = "<group>";
		};
		6F6E6393283F7924004347DE /* network */ = {
			isa = PBXGroup;
			children = (
				6F6E63A0283F8447004347DE /* NetworkErrors.swift */,
				6F6E6399283F7AAE004347DE /* NetworkRepositoryProtocol.swift */,
				6F6E6394283F794B004347DE /* NetworkRepository.swift */,
				6F6E6396283F79AF004347DE /* GetCharacters.swift */,
			);
			path = network;
			sourceTree = "<group>";
		};
		6F6E639B283F82DF004347DE /* xibs */ = {
			isa = PBXGroup;
			children = (
				6FD09EEC283F724B0015567C /* LaunchScreen.storyboard */,
				6FD09EE7283F724B0015567C /* Main.storyboard */,
				6FD7175528462D20001202EC /* FriendViewCell.xib */,
				6FD7175D28466178001202EC /* AvatarImageView.xib */,
			);
			path = xibs;
			sourceTree = "<group>";
		};
		6FD09ED5283F724B0015567C = {
			isa = PBXGroup;
			children = (
				6FD09EE0283F724B0015567C /* AxaTest */,
				6FD09EF7283F724B0015567C /* AxaTestTests */,
				6FD09F01283F724B0015567C /* AxaTestUITests */,
				6FD09EDF283F724B0015567C /* Products */,
				14FB3A25114964EE97DE5B33 /* Pods */,
				832A7B90200D1F059DED263B /* Frameworks */,
			);
			sourceTree = "<group>";
		};
		6FD09EDF283F724B0015567C /* Products */ = {
			isa = PBXGroup;
			children = (
				6FD09EDE283F724B0015567C /* AxaTest.app */,
				6FD09EF4283F724B0015567C /* AxaTestTests.xctest */,
				6FD09EFE283F724B0015567C /* AxaTestUITests.xctest */,
			);
			name = Products;
			sourceTree = "<group>";
		};
		6FD09EE0283F724B0015567C /* AxaTest */ = {
			isa = PBXGroup;
			children = (
				6F03B4AB284230A30047E456 /* di */,
				6F6E638C283F77D3004347DE /* models */,
				6F03B4E52843C3840047E456 /* models+ui */,
				6F03B4C528423C080047E456 /* mappers */,
				6F6E639B283F82DF004347DE /* xibs */,
				6F6E638B283F77B6004347DE /* views+viewmodels */,
				6F03B4B32842366F0047E456 /* usecases */,
				6F6E6392283F7911004347DE /* repositories */,
				6F03B498283FB4030047E456 /* extensions */,
				6F03B4A82840EB560047E456 /* utils */,
				6F6E638A283F7794004347DE /* resources */,
				6FD09EE1283F724B0015567C /* AppDelegate.swift */,
				6FD09EE3283F724B0015567C /* SceneDelegate.swift */,
			);
			path = AxaTest;
			sourceTree = "<group>";
		};
		6FD09EF7283F724B0015567C /* AxaTestTests */ = {
			isa = PBXGroup;
			children = (
				6FD09EF8283F724B0015567C /* AxaTestTests.swift */,
			);
			path = AxaTestTests;
			sourceTree = "<group>";
		};
		6FD09F01283F724B0015567C /* AxaTestUITests */ = {
			isa = PBXGroup;
			children = (
				6FD09F02283F724B0015567C /* AxaTestUITests.swift */,
				6FD09F04283F724B0015567C /* AxaTestUITestsLaunchTests.swift */,
			);
			path = AxaTestUITests;
			sourceTree = "<group>";
		};
		6FD7173A2845244C001202EC /* fonts */ = {
			isa = PBXGroup;
			children = (
				6FD7174528453CF7001202EC /* BlackCastleMF.ttf */,
				6FD7173D28452466001202EC /* Lato-Black.ttf */,
				6FD7173B28452466001202EC /* Lato-Bold.ttf */,
				6FD7173C28452466001202EC /* Lato-Regular.ttf */,
			);
			path = fonts;
			sourceTree = "<group>";
		};
		6FD71765284670FA001202EC /* base */ = {
			isa = PBXGroup;
			children = (
				6F03B4A42840EAF70047E456 /* BaseViewController.swift */,
				6F03B4A62840EB300047E456 /* BaseViewModel.swift */,
			);
			path = base;
			sourceTree = "<group>";
		};
		6FD71766284670FF001202EC /* grid */ = {
			isa = PBXGroup;
			children = (
				6F03B4C828423F2F0047E456 /* GridRouter.swift */,
				6F3BE94E2844D1A100FF619B /* GridViewCell.swift */,
				6FD09EE5283F724B0015567C /* GridViewController.swift */,
				6F03B4A22840EACB0047E456 /* GridViewModel.swift */,
			);
			path = grid;
			sourceTree = "<group>";
		};
		6FD7176728467105001202EC /* filter */ = {
			isa = PBXGroup;
			children = (
				6FFD342728474C9B0072DEB5 /* FilterRouter.swift */,
				6FFD3429284755A50072DEB5 /* FilterOptionsViewController.swift */,
				6F03B49F2840E6280047E456 /* FilterViewController.swift */,
				6F03B4E128427FB50047E456 /* FilterViewModel.swift */,
			);
			path = filter;
			sourceTree = "<group>";
		};
		6FD7176828467110001202EC /* details */ = {
			isa = PBXGroup;
			children = (
				6FD7175928463D98001202EC /* CharacterDetailsRouter.swift */,
				6FD7175328462BE1001202EC /* FriendViewCell.swift */,
				6F03B4DC2842777E0047E456 /* CharacterDetailsViewController.swift */,
				6F03B4EF2843CCB00047E456 /* CharacterDetailsViewModel.swift */,
			);
			path = details;
			sourceTree = "<group>";
		};
		832A7B90200D1F059DED263B /* Frameworks */ = {
			isa = PBXGroup;
			children = (
				E5A4BD426697A7C2B9A646FA /* Pods_AxaTest.framework */,
				620150909DE46FE5C647E2F8 /* Pods_AxaTest_AxaTestUITests.framework */,
				2AD34A9E78A22A7D73DDE275 /* Pods_AxaTestTests.framework */,
			);
			name = Frameworks;
			sourceTree = "<group>";
		};
/* End PBXGroup section */

/* Begin PBXNativeTarget section */
		6FD09EDD283F724B0015567C /* AxaTest */ = {
			isa = PBXNativeTarget;
			buildConfigurationList = 6FD09F08283F724B0015567C /* Build configuration list for PBXNativeTarget "AxaTest" */;
			buildPhases = (
				F76B3B059FB8714143C5C233 /* [CP] Check Pods Manifest.lock */,
				6FD09EDA283F724B0015567C /* Sources */,
				6FD09EDB283F724B0015567C /* Frameworks */,
				6FD09EDC283F724B0015567C /* Resources */,
				1B7C92DA9540BD3B6E71AF8B /* [CP] Embed Pods Frameworks */,
			);
			buildRules = (
			);
			dependencies = (
			);
			name = AxaTest;
			productName = AxaTest;
			productReference = 6FD09EDE283F724B0015567C /* AxaTest.app */;
			productType = "com.apple.product-type.application";
		};
		6FD09EF3283F724B0015567C /* AxaTestTests */ = {
			isa = PBXNativeTarget;
			buildConfigurationList = 6FD09F0B283F724B0015567C /* Build configuration list for PBXNativeTarget "AxaTestTests" */;
			buildPhases = (
				3FD9600E0925BB4C8D3059EF /* [CP] Check Pods Manifest.lock */,
				6FD09EF0283F724B0015567C /* Sources */,
				6FD09EF1283F724B0015567C /* Frameworks */,
				6FD09EF2283F724B0015567C /* Resources */,
			);
			buildRules = (
			);
			dependencies = (
				6FD09EF6283F724B0015567C /* PBXTargetDependency */,
			);
			name = AxaTestTests;
			productName = AxaTestTests;
			productReference = 6FD09EF4283F724B0015567C /* AxaTestTests.xctest */;
			productType = "com.apple.product-type.bundle.unit-test";
		};
		6FD09EFD283F724B0015567C /* AxaTestUITests */ = {
			isa = PBXNativeTarget;
			buildConfigurationList = 6FD09F0E283F724B0015567C /* Build configuration list for PBXNativeTarget "AxaTestUITests" */;
			buildPhases = (
				E2C5FBB2CB67F4F30862E6F1 /* [CP] Check Pods Manifest.lock */,
				6FD09EFA283F724B0015567C /* Sources */,
				6FD09EFB283F724B0015567C /* Frameworks */,
				6FD09EFC283F724B0015567C /* Resources */,
				B7DD652D81B7EC934F467CC2 /* [CP] Embed Pods Frameworks */,
			);
			buildRules = (
			);
			dependencies = (
				6FD09F00283F724B0015567C /* PBXTargetDependency */,
			);
			name = AxaTestUITests;
			productName = AxaTestUITests;
			productReference = 6FD09EFE283F724B0015567C /* AxaTestUITests.xctest */;
			productType = "com.apple.product-type.bundle.ui-testing";
		};
/* End PBXNativeTarget section */

/* Begin PBXProject section */
		6FD09ED6283F724B0015567C /* Project object */ = {
			isa = PBXProject;
			attributes = {
				BuildIndependentTargetsInParallel = 1;
				LastSwiftUpdateCheck = 1330;
				LastUpgradeCheck = 1330;
				TargetAttributes = {
					6FD09EDD283F724B0015567C = {
						CreatedOnToolsVersion = 13.3.1;
					};
					6FD09EF3283F724B0015567C = {
						CreatedOnToolsVersion = 13.3.1;
						TestTargetID = 6FD09EDD283F724B0015567C;
					};
					6FD09EFD283F724B0015567C = {
						CreatedOnToolsVersion = 13.3.1;
						TestTargetID = 6FD09EDD283F724B0015567C;
					};
				};
			};
			buildConfigurationList = 6FD09ED9283F724B0015567C /* Build configuration list for PBXProject "AxaTest" */;
			compatibilityVersion = "Xcode 13.0";
			developmentRegion = en;
			hasScannedForEncodings = 0;
			knownRegions = (
				en,
				Base,
			);
			mainGroup = 6FD09ED5283F724B0015567C;
			productRefGroup = 6FD09EDF283F724B0015567C /* Products */;
			projectDirPath = "";
			projectRoot = "";
			targets = (
				6FD09EDD283F724B0015567C /* AxaTest */,
				6FD09EF3283F724B0015567C /* AxaTestTests */,
				6FD09EFD283F724B0015567C /* AxaTestUITests */,
			);
		};
/* End PBXProject section */

/* Begin PBXResourcesBuildPhase section */
		6FD09EDC283F724B0015567C /* Resources */ = {
			isa = PBXResourcesBuildPhase;
			buildActionMask = 2147483647;
			files = (
				6FD7174028452466001202EC /* Lato-Black.ttf in Resources */,
				6FD7175E28466178001202EC /* AvatarImageView.xib in Resources */,
				6FD7174628453CF7001202EC /* BlackCastleMF.ttf in Resources */,
				6FD09EEE283F724B0015567C /* LaunchScreen.storyboard in Resources */,
				6FD7173F28452466001202EC /* Lato-Regular.ttf in Resources */,
				6FD7173E28452466001202EC /* Lato-Bold.ttf in Resources */,
				6FD7175628462D20001202EC /* FriendViewCell.xib in Resources */,
				6F03B49C283FB4710047E456 /* Localizable.strings in Resources */,
				6FD09EEB283F724B0015567C /* Assets.xcassets in Resources */,
				6FD09EE9283F724B0015567C /* Main.storyboard in Resources */,
			);
			runOnlyForDeploymentPostprocessing = 0;
		};
		6FD09EF2283F724B0015567C /* Resources */ = {
			isa = PBXResourcesBuildPhase;
			buildActionMask = 2147483647;
			files = (
			);
			runOnlyForDeploymentPostprocessing = 0;
		};
		6FD09EFC283F724B0015567C /* Resources */ = {
			isa = PBXResourcesBuildPhase;
			buildActionMask = 2147483647;
			files = (
			);
			runOnlyForDeploymentPostprocessing = 0;
		};
/* End PBXResourcesBuildPhase section */

/* Begin PBXShellScriptBuildPhase section */
		1B7C92DA9540BD3B6E71AF8B /* [CP] Embed Pods Frameworks */ = {
			isa = PBXShellScriptBuildPhase;
			buildActionMask = 2147483647;
			files = (
			);
			inputFileListPaths = (
				"${PODS_ROOT}/Target Support Files/Pods-AxaTest/Pods-AxaTest-frameworks-${CONFIGURATION}-input-files.xcfilelist",
			);
			name = "[CP] Embed Pods Frameworks";
			outputFileListPaths = (
				"${PODS_ROOT}/Target Support Files/Pods-AxaTest/Pods-AxaTest-frameworks-${CONFIGURATION}-output-files.xcfilelist",
			);
			runOnlyForDeploymentPostprocessing = 0;
			shellPath = /bin/sh;
			shellScript = "\"${PODS_ROOT}/Target Support Files/Pods-AxaTest/Pods-AxaTest-frameworks.sh\"\n";
			showEnvVarsInLog = 0;
		};
		3FD9600E0925BB4C8D3059EF /* [CP] Check Pods Manifest.lock */ = {
			isa = PBXShellScriptBuildPhase;
			buildActionMask = 2147483647;
			files = (
			);
			inputFileListPaths = (
			);
			inputPaths = (
				"${PODS_PODFILE_DIR_PATH}/Podfile.lock",
				"${PODS_ROOT}/Manifest.lock",
			);
			name = "[CP] Check Pods Manifest.lock";
			outputFileListPaths = (
			);
			outputPaths = (
				"$(DERIVED_FILE_DIR)/Pods-AxaTestTests-checkManifestLockResult.txt",
			);
			runOnlyForDeploymentPostprocessing = 0;
			shellPath = /bin/sh;
			shellScript = "diff \"${PODS_PODFILE_DIR_PATH}/Podfile.lock\" \"${PODS_ROOT}/Manifest.lock\" > /dev/null\nif [ $? != 0 ] ; then\n    # print error to STDERR\n    echo \"error: The sandbox is not in sync with the Podfile.lock. Run 'pod install' or update your CocoaPods installation.\" >&2\n    exit 1\nfi\n# This output is used by Xcode 'outputs' to avoid re-running this script phase.\necho \"SUCCESS\" > \"${SCRIPT_OUTPUT_FILE_0}\"\n";
			showEnvVarsInLog = 0;
		};
		B7DD652D81B7EC934F467CC2 /* [CP] Embed Pods Frameworks */ = {
			isa = PBXShellScriptBuildPhase;
			buildActionMask = 2147483647;
			files = (
			);
			inputFileListPaths = (
				"${PODS_ROOT}/Target Support Files/Pods-AxaTest-AxaTestUITests/Pods-AxaTest-AxaTestUITests-frameworks-${CONFIGURATION}-input-files.xcfilelist",
			);
			name = "[CP] Embed Pods Frameworks";
			outputFileListPaths = (
				"${PODS_ROOT}/Target Support Files/Pods-AxaTest-AxaTestUITests/Pods-AxaTest-AxaTestUITests-frameworks-${CONFIGURATION}-output-files.xcfilelist",
			);
			runOnlyForDeploymentPostprocessing = 0;
			shellPath = /bin/sh;
			shellScript = "\"${PODS_ROOT}/Target Support Files/Pods-AxaTest-AxaTestUITests/Pods-AxaTest-AxaTestUITests-frameworks.sh\"\n";
			showEnvVarsInLog = 0;
		};
		E2C5FBB2CB67F4F30862E6F1 /* [CP] Check Pods Manifest.lock */ = {
			isa = PBXShellScriptBuildPhase;
			buildActionMask = 2147483647;
			files = (
			);
			inputFileListPaths = (
			);
			inputPaths = (
				"${PODS_PODFILE_DIR_PATH}/Podfile.lock",
				"${PODS_ROOT}/Manifest.lock",
			);
			name = "[CP] Check Pods Manifest.lock";
			outputFileListPaths = (
			);
			outputPaths = (
				"$(DERIVED_FILE_DIR)/Pods-AxaTest-AxaTestUITests-checkManifestLockResult.txt",
			);
			runOnlyForDeploymentPostprocessing = 0;
			shellPath = /bin/sh;
			shellScript = "diff \"${PODS_PODFILE_DIR_PATH}/Podfile.lock\" \"${PODS_ROOT}/Manifest.lock\" > /dev/null\nif [ $? != 0 ] ; then\n    # print error to STDERR\n    echo \"error: The sandbox is not in sync with the Podfile.lock. Run 'pod install' or update your CocoaPods installation.\" >&2\n    exit 1\nfi\n# This output is used by Xcode 'outputs' to avoid re-running this script phase.\necho \"SUCCESS\" > \"${SCRIPT_OUTPUT_FILE_0}\"\n";
			showEnvVarsInLog = 0;
		};
		F76B3B059FB8714143C5C233 /* [CP] Check Pods Manifest.lock */ = {
			isa = PBXShellScriptBuildPhase;
			buildActionMask = 2147483647;
			files = (
			);
			inputFileListPaths = (
			);
			inputPaths = (
				"${PODS_PODFILE_DIR_PATH}/Podfile.lock",
				"${PODS_ROOT}/Manifest.lock",
			);
			name = "[CP] Check Pods Manifest.lock";
			outputFileListPaths = (
			);
			outputPaths = (
				"$(DERIVED_FILE_DIR)/Pods-AxaTest-checkManifestLockResult.txt",
			);
			runOnlyForDeploymentPostprocessing = 0;
			shellPath = /bin/sh;
			shellScript = "diff \"${PODS_PODFILE_DIR_PATH}/Podfile.lock\" \"${PODS_ROOT}/Manifest.lock\" > /dev/null\nif [ $? != 0 ] ; then\n    # print error to STDERR\n    echo \"error: The sandbox is not in sync with the Podfile.lock. Run 'pod install' or update your CocoaPods installation.\" >&2\n    exit 1\nfi\n# This output is used by Xcode 'outputs' to avoid re-running this script phase.\necho \"SUCCESS\" > \"${SCRIPT_OUTPUT_FILE_0}\"\n";
			showEnvVarsInLog = 0;
		};
/* End PBXShellScriptBuildPhase section */

/* Begin PBXSourcesBuildPhase section */
		6FD09EDA283F724B0015567C /* Sources */ = {
			isa = PBXSourcesBuildPhase;
			buildActionMask = 2147483647;
			files = (
				6F6E6397283F79AF004347DE /* GetCharacters.swift in Sources */,
				6F03B4B7284236B40047E456 /* GetFilteredCharactersUseCase.swift in Sources */,
				6F03B4E228427FB50047E456 /* FilterViewModel.swift in Sources */,
				6FD71762284662CE001202EC /* UIViewFromNib.swift in Sources */,
				6F03B49A283FB4130047E456 /* String+Extensions.swift in Sources */,
				6FD7175828462FD0001202EC /* NSObject+Extensions.swift in Sources */,
				6F03B4EC2843C7660047E456 /* Filter+Mapper.swift in Sources */,
				6F03B4A32840EACB0047E456 /* GridViewModel.swift in Sources */,
				6F3BE94F2844D1A100FF619B /* GridViewCell.swift in Sources */,
				6FD09EE6283F724B0015567C /* GridViewController.swift in Sources */,
				6F03B4DB284253C50047E456 /* Array+Extensions.swift in Sources */,
				6F6E639D283F8324004347DE /* Character.swift in Sources */,
				6F03B4B2284231A00047E456 /* CharacterGridUi.swift in Sources */,
				6FD7175428462BE1001202EC /* FriendViewCell.swift in Sources */,
				6F03B4A72840EB300047E456 /* BaseViewModel.swift in Sources */,
				6F03B4C4284237F60047E456 /* NonPersistentRepository.swift in Sources */,
				6F03B4A52840EAF70047E456 /* BaseViewController.swift in Sources */,
				6F03B4C2284237B70047E456 /* NonPersistentRepositoryProtocol.swift in Sources */,
				6FD71737284518D1001202EC /* UIImageViewRounded.swift in Sources */,
				6FFD342A284755A50072DEB5 /* FilterOptionsViewController.swift in Sources */,
				6F03B4CD284242210047E456 /* GetSelectedCharacter.swift in Sources */,
				6F03B4CB284240860047E456 /* FilterDI.swift in Sources */,
				6F03B495283F88FC0047E456 /* City.swift in Sources */,
				6F03B4DF284277E60047E456 /* CharacterDetailsDI.swift in Sources */,
				6FFD342828474C9B0072DEB5 /* FilterRouter.swift in Sources */,
				6F03B4C928423F2F0047E456 /* GridRouter.swift in Sources */,
				6FD7174E28461AA9001202EC /* NSAttributedString+Extensions.swift in Sources */,
				6F03B4DD2842777E0047E456 /* CharacterDetailsViewController.swift in Sources */,
				6FFD34302847AAAD0072DEB5 /* CachedRepositoryProtocol.swift in Sources */,
				6F03B4D328424ADB0047E456 /* Filter.swift in Sources */,
				6FD7175C2846614C001202EC /* AvatarImageView.swift in Sources */,
				6F03B4E42843C0DB0047E456 /* FilterConfigUi.swift in Sources */,
				6F03B4BB284236EA0047E456 /* GetActiveFilterUseCase.swift in Sources */,
				6F03B4F02843CCB00047E456 /* CharacterDetailsViewModel.swift in Sources */,
				6F03B4AF284230C80047E456 /* GridDI.swift in Sources */,
				6FFD342E2847A86F0072DEB5 /* CachedRepository.swift in Sources */,
				6F03B49E283FC6DE0047E456 /* Collection+Extensions.swift in Sources */,
				6F03B4D928424E0A0047E456 /* NonPersistentErrors+Extensions.swift in Sources */,
				6F03B4CF2842422E0047E456 /* SaveSelectedCharacter.swift in Sources */,
				6FD09EE2283F724B0015567C /* AppDelegate.swift in Sources */,
				6FD7174C284618AB001202EC /* CharacterName.swift in Sources */,
				6F03B4BD284236F90047E456 /* SaveActiveFilterUseCase.swift in Sources */,
				6F03B4C728423C2F0047E456 /* Character+Mapper.swift in Sources */,
				6FD7175A28463D98001202EC /* CharacterDetailsRouter.swift in Sources */,
				6FD717522846215D001202EC /* GetCharactersByNameUseCase.swift in Sources */,
				6FD71739284523D0001202EC /* UIFont+Extensions.swift in Sources */,
				6F03B4AD284230B00047E456 /* DependencyInjector.swift in Sources */,
				6F03B4A02840E6280047E456 /* FilterViewController.swift in Sources */,
				6F03B4D728424DCC0047E456 /* NonPersistentErrors.swift in Sources */,
				6F03B4B9284236DB0047E456 /* GetFilterValuesUseCase.swift in Sources */,
				6F6E6395283F794B004347DE /* NetworkRepository.swift in Sources */,
				6F6E639A283F7AAE004347DE /* NetworkRepositoryProtocol.swift in Sources */,
				6FD7175028461F45001202EC /* FriendUi.swift in Sources */,
				6F03B4AA2840EB630047E456 /* Box.swift in Sources */,
				6F03B4E72843C3B90047E456 /* CharacterDetailsUi.swift in Sources */,
				6FD09EE4283F724B0015567C /* SceneDelegate.swift in Sources */,
				6FFD342C284756A50072DEB5 /* FilterOptionUi.swift in Sources */,
				6F6E63A1283F8447004347DE /* NetworkErrors.swift in Sources */,
				6F03B4B52842368E0047E456 /* GetCharactersUseCase.swift in Sources */,
				6FD7174428452D0A001202EC /* UIViewShadowable.swift in Sources */,
				6F03B497283FB35E0047E456 /* NetworkErrors+Extensions.swift in Sources */,
				6F03B4BF284237050047E456 /* ResetActiveFilterUseCase.swift in Sources */,
			);
			runOnlyForDeploymentPostprocessing = 0;
		};
		6FD09EF0283F724B0015567C /* Sources */ = {
			isa = PBXSourcesBuildPhase;
			buildActionMask = 2147483647;
			files = (
				6FD09EF9283F724B0015567C /* AxaTestTests.swift in Sources */,
			);
			runOnlyForDeploymentPostprocessing = 0;
		};
		6FD09EFA283F724B0015567C /* Sources */ = {
			isa = PBXSourcesBuildPhase;
			buildActionMask = 2147483647;
			files = (
				6FD09F03283F724B0015567C /* AxaTestUITests.swift in Sources */,
				6FD09F05283F724B0015567C /* AxaTestUITestsLaunchTests.swift in Sources */,
			);
			runOnlyForDeploymentPostprocessing = 0;
		};
/* End PBXSourcesBuildPhase section */

/* Begin PBXTargetDependency section */
		6FD09EF6283F724B0015567C /* PBXTargetDependency */ = {
			isa = PBXTargetDependency;
			target = 6FD09EDD283F724B0015567C /* AxaTest */;
			targetProxy = 6FD09EF5283F724B0015567C /* PBXContainerItemProxy */;
		};
		6FD09F00283F724B0015567C /* PBXTargetDependency */ = {
			isa = PBXTargetDependency;
			target = 6FD09EDD283F724B0015567C /* AxaTest */;
			targetProxy = 6FD09EFF283F724B0015567C /* PBXContainerItemProxy */;
		};
/* End PBXTargetDependency section */

/* Begin PBXVariantGroup section */
		6FD09EE7283F724B0015567C /* Main.storyboard */ = {
			isa = PBXVariantGroup;
			children = (
				6FD09EE8283F724B0015567C /* Base */,
			);
			name = Main.storyboard;
			sourceTree = "<group>";
		};
		6FD09EEC283F724B0015567C /* LaunchScreen.storyboard */ = {
			isa = PBXVariantGroup;
			children = (
				6FD09EED283F724B0015567C /* Base */,
			);
			name = LaunchScreen.storyboard;
			sourceTree = "<group>";
		};
/* End PBXVariantGroup section */

/* Begin XCBuildConfiguration section */
		6FD09F06283F724B0015567C /* Debug */ = {
			isa = XCBuildConfiguration;
			buildSettings = {
				ALWAYS_SEARCH_USER_PATHS = NO;
				CLANG_ANALYZER_NONNULL = YES;
				CLANG_ANALYZER_NUMBER_OBJECT_CONVERSION = YES_AGGRESSIVE;
				CLANG_CXX_LANGUAGE_STANDARD = "gnu++17";
				CLANG_ENABLE_MODULES = YES;
				CLANG_ENABLE_OBJC_ARC = YES;
				CLANG_ENABLE_OBJC_WEAK = YES;
				CLANG_WARN_BLOCK_CAPTURE_AUTORELEASING = YES;
				CLANG_WARN_BOOL_CONVERSION = YES;
				CLANG_WARN_COMMA = YES;
				CLANG_WARN_CONSTANT_CONVERSION = YES;
				CLANG_WARN_DEPRECATED_OBJC_IMPLEMENTATIONS = YES;
				CLANG_WARN_DIRECT_OBJC_ISA_USAGE = YES_ERROR;
				CLANG_WARN_DOCUMENTATION_COMMENTS = YES;
				CLANG_WARN_EMPTY_BODY = YES;
				CLANG_WARN_ENUM_CONVERSION = YES;
				CLANG_WARN_INFINITE_RECURSION = YES;
				CLANG_WARN_INT_CONVERSION = YES;
				CLANG_WARN_NON_LITERAL_NULL_CONVERSION = YES;
				CLANG_WARN_OBJC_IMPLICIT_RETAIN_SELF = YES;
				CLANG_WARN_OBJC_LITERAL_CONVERSION = YES;
				CLANG_WARN_OBJC_ROOT_CLASS = YES_ERROR;
				CLANG_WARN_QUOTED_INCLUDE_IN_FRAMEWORK_HEADER = YES;
				CLANG_WARN_RANGE_LOOP_ANALYSIS = YES;
				CLANG_WARN_STRICT_PROTOTYPES = YES;
				CLANG_WARN_SUSPICIOUS_MOVE = YES;
				CLANG_WARN_UNGUARDED_AVAILABILITY = YES_AGGRESSIVE;
				CLANG_WARN_UNREACHABLE_CODE = YES;
				CLANG_WARN__DUPLICATE_METHOD_MATCH = YES;
				COPY_PHASE_STRIP = NO;
				DEBUG_INFORMATION_FORMAT = dwarf;
				ENABLE_STRICT_OBJC_MSGSEND = YES;
				ENABLE_TESTABILITY = YES;
				GCC_C_LANGUAGE_STANDARD = gnu11;
				GCC_DYNAMIC_NO_PIC = NO;
				GCC_NO_COMMON_BLOCKS = YES;
				GCC_OPTIMIZATION_LEVEL = 0;
				GCC_PREPROCESSOR_DEFINITIONS = (
					"DEBUG=1",
					"$(inherited)",
				);
				GCC_WARN_64_TO_32_BIT_CONVERSION = YES;
				GCC_WARN_ABOUT_RETURN_TYPE = YES_ERROR;
				GCC_WARN_UNDECLARED_SELECTOR = YES;
				GCC_WARN_UNINITIALIZED_AUTOS = YES_AGGRESSIVE;
				GCC_WARN_UNUSED_FUNCTION = YES;
				GCC_WARN_UNUSED_VARIABLE = YES;
				IPHONEOS_DEPLOYMENT_TARGET = 15.4;
				MTL_ENABLE_DEBUG_INFO = INCLUDE_SOURCE;
				MTL_FAST_MATH = YES;
				ONLY_ACTIVE_ARCH = YES;
				SDKROOT = iphoneos;
				SWIFT_ACTIVE_COMPILATION_CONDITIONS = DEBUG;
				SWIFT_OPTIMIZATION_LEVEL = "-Onone";
			};
			name = Debug;
		};
		6FD09F07283F724B0015567C /* Release */ = {
			isa = XCBuildConfiguration;
			buildSettings = {
				ALWAYS_SEARCH_USER_PATHS = NO;
				CLANG_ANALYZER_NONNULL = YES;
				CLANG_ANALYZER_NUMBER_OBJECT_CONVERSION = YES_AGGRESSIVE;
				CLANG_CXX_LANGUAGE_STANDARD = "gnu++17";
				CLANG_ENABLE_MODULES = YES;
				CLANG_ENABLE_OBJC_ARC = YES;
				CLANG_ENABLE_OBJC_WEAK = YES;
				CLANG_WARN_BLOCK_CAPTURE_AUTORELEASING = YES;
				CLANG_WARN_BOOL_CONVERSION = YES;
				CLANG_WARN_COMMA = YES;
				CLANG_WARN_CONSTANT_CONVERSION = YES;
				CLANG_WARN_DEPRECATED_OBJC_IMPLEMENTATIONS = YES;
				CLANG_WARN_DIRECT_OBJC_ISA_USAGE = YES_ERROR;
				CLANG_WARN_DOCUMENTATION_COMMENTS = YES;
				CLANG_WARN_EMPTY_BODY = YES;
				CLANG_WARN_ENUM_CONVERSION = YES;
				CLANG_WARN_INFINITE_RECURSION = YES;
				CLANG_WARN_INT_CONVERSION = YES;
				CLANG_WARN_NON_LITERAL_NULL_CONVERSION = YES;
				CLANG_WARN_OBJC_IMPLICIT_RETAIN_SELF = YES;
				CLANG_WARN_OBJC_LITERAL_CONVERSION = YES;
				CLANG_WARN_OBJC_ROOT_CLASS = YES_ERROR;
				CLANG_WARN_QUOTED_INCLUDE_IN_FRAMEWORK_HEADER = YES;
				CLANG_WARN_RANGE_LOOP_ANALYSIS = YES;
				CLANG_WARN_STRICT_PROTOTYPES = YES;
				CLANG_WARN_SUSPICIOUS_MOVE = YES;
				CLANG_WARN_UNGUARDED_AVAILABILITY = YES_AGGRESSIVE;
				CLANG_WARN_UNREACHABLE_CODE = YES;
				CLANG_WARN__DUPLICATE_METHOD_MATCH = YES;
				COPY_PHASE_STRIP = NO;
				DEBUG_INFORMATION_FORMAT = "dwarf-with-dsym";
				ENABLE_NS_ASSERTIONS = NO;
				ENABLE_STRICT_OBJC_MSGSEND = YES;
				GCC_C_LANGUAGE_STANDARD = gnu11;
				GCC_NO_COMMON_BLOCKS = YES;
				GCC_WARN_64_TO_32_BIT_CONVERSION = YES;
				GCC_WARN_ABOUT_RETURN_TYPE = YES_ERROR;
				GCC_WARN_UNDECLARED_SELECTOR = YES;
				GCC_WARN_UNINITIALIZED_AUTOS = YES_AGGRESSIVE;
				GCC_WARN_UNUSED_FUNCTION = YES;
				GCC_WARN_UNUSED_VARIABLE = YES;
				IPHONEOS_DEPLOYMENT_TARGET = 15.4;
				MTL_ENABLE_DEBUG_INFO = NO;
				MTL_FAST_MATH = YES;
				SDKROOT = iphoneos;
				SWIFT_COMPILATION_MODE = wholemodule;
				SWIFT_OPTIMIZATION_LEVEL = "-O";
				VALIDATE_PRODUCT = YES;
			};
			name = Release;
		};
		6FD09F09283F724B0015567C /* Debug */ = {
			isa = XCBuildConfiguration;
			baseConfigurationReference = 369DF5924A8F8BE1EFA8A63B /* Pods-AxaTest.debug.xcconfig */;
			buildSettings = {
				ASSETCATALOG_COMPILER_APPICON_NAME = AppIcon;
				ASSETCATALOG_COMPILER_GLOBAL_ACCENT_COLOR_NAME = AccentColor;
				CODE_SIGN_STYLE = Automatic;
				CURRENT_PROJECT_VERSION = 1;
				DEVELOPMENT_TEAM = X7FQ3DUR48;
				GENERATE_INFOPLIST_FILE = YES;
				INFOPLIST_FILE = AxaTest/resources/Info.plist;
				INFOPLIST_KEY_UIApplicationSupportsIndirectInputEvents = YES;
				INFOPLIST_KEY_UILaunchStoryboardName = LaunchScreen;
				INFOPLIST_KEY_UIMainStoryboardFile = Main;
				INFOPLIST_KEY_UISupportedInterfaceOrientations_iPad = "UIInterfaceOrientationPortrait UIInterfaceOrientationPortraitUpsideDown UIInterfaceOrientationLandscapeLeft UIInterfaceOrientationLandscapeRight";
				INFOPLIST_KEY_UISupportedInterfaceOrientations_iPhone = "UIInterfaceOrientationPortrait UIInterfaceOrientationLandscapeLeft UIInterfaceOrientationLandscapeRight";
				LD_RUNPATH_SEARCH_PATHS = (
					"$(inherited)",
					"@executable_path/Frameworks",
				);
				MARKETING_VERSION = 1.0;
				PRODUCT_BUNDLE_IDENTIFIER = jaimearanaz.AxaTest;
				PRODUCT_NAME = "$(TARGET_NAME)";
				SWIFT_EMIT_LOC_STRINGS = YES;
				SWIFT_VERSION = 5.0;
				TARGETED_DEVICE_FAMILY = "1,2";
			};
			name = Debug;
		};
		6FD09F0A283F724B0015567C /* Release */ = {
			isa = XCBuildConfiguration;
			baseConfigurationReference = B7574474C8C9D2163CF2F809 /* Pods-AxaTest.release.xcconfig */;
			buildSettings = {
				ASSETCATALOG_COMPILER_APPICON_NAME = AppIcon;
				ASSETCATALOG_COMPILER_GLOBAL_ACCENT_COLOR_NAME = AccentColor;
				CODE_SIGN_STYLE = Automatic;
				CURRENT_PROJECT_VERSION = 1;
				DEVELOPMENT_TEAM = X7FQ3DUR48;
				GENERATE_INFOPLIST_FILE = YES;
				INFOPLIST_FILE = AxaTest/resources/Info.plist;
				INFOPLIST_KEY_UIApplicationSupportsIndirectInputEvents = YES;
				INFOPLIST_KEY_UILaunchStoryboardName = LaunchScreen;
				INFOPLIST_KEY_UIMainStoryboardFile = Main;
				INFOPLIST_KEY_UISupportedInterfaceOrientations_iPad = "UIInterfaceOrientationPortrait UIInterfaceOrientationPortraitUpsideDown UIInterfaceOrientationLandscapeLeft UIInterfaceOrientationLandscapeRight";
				INFOPLIST_KEY_UISupportedInterfaceOrientations_iPhone = "UIInterfaceOrientationPortrait UIInterfaceOrientationLandscapeLeft UIInterfaceOrientationLandscapeRight";
				LD_RUNPATH_SEARCH_PATHS = (
					"$(inherited)",
					"@executable_path/Frameworks",
				);
				MARKETING_VERSION = 1.0;
				PRODUCT_BUNDLE_IDENTIFIER = jaimearanaz.AxaTest;
				PRODUCT_NAME = "$(TARGET_NAME)";
				SWIFT_EMIT_LOC_STRINGS = YES;
				SWIFT_VERSION = 5.0;
				TARGETED_DEVICE_FAMILY = "1,2";
			};
			name = Release;
		};
		6FD09F0C283F724B0015567C /* Debug */ = {
			isa = XCBuildConfiguration;
			baseConfigurationReference = BD5F6F504C505BE0661D8F67 /* Pods-AxaTestTests.debug.xcconfig */;
			buildSettings = {
				ALWAYS_EMBED_SWIFT_STANDARD_LIBRARIES = YES;
				BUNDLE_LOADER = "$(TEST_HOST)";
				CODE_SIGN_STYLE = Automatic;
				CURRENT_PROJECT_VERSION = 1;
				GENERATE_INFOPLIST_FILE = YES;
				IPHONEOS_DEPLOYMENT_TARGET = 15.4;
				MARKETING_VERSION = 1.0;
				PRODUCT_BUNDLE_IDENTIFIER = jaimearanaz.AxaTestTests;
				PRODUCT_NAME = "$(TARGET_NAME)";
				SWIFT_EMIT_LOC_STRINGS = NO;
				SWIFT_VERSION = 5.0;
				TARGETED_DEVICE_FAMILY = "1,2";
				TEST_HOST = "$(BUILT_PRODUCTS_DIR)/AxaTest.app/AxaTest";
			};
			name = Debug;
		};
		6FD09F0D283F724B0015567C /* Release */ = {
			isa = XCBuildConfiguration;
			baseConfigurationReference = 95DF631263566C56E8D5AE08 /* Pods-AxaTestTests.release.xcconfig */;
			buildSettings = {
				ALWAYS_EMBED_SWIFT_STANDARD_LIBRARIES = YES;
				BUNDLE_LOADER = "$(TEST_HOST)";
				CODE_SIGN_STYLE = Automatic;
				CURRENT_PROJECT_VERSION = 1;
				GENERATE_INFOPLIST_FILE = YES;
				IPHONEOS_DEPLOYMENT_TARGET = 15.4;
				MARKETING_VERSION = 1.0;
				PRODUCT_BUNDLE_IDENTIFIER = jaimearanaz.AxaTestTests;
				PRODUCT_NAME = "$(TARGET_NAME)";
				SWIFT_EMIT_LOC_STRINGS = NO;
				SWIFT_VERSION = 5.0;
				TARGETED_DEVICE_FAMILY = "1,2";
				TEST_HOST = "$(BUILT_PRODUCTS_DIR)/AxaTest.app/AxaTest";
			};
			name = Release;
		};
		6FD09F0F283F724B0015567C /* Debug */ = {
			isa = XCBuildConfiguration;
			baseConfigurationReference = 1B7305B7A95BC5F29A277197 /* Pods-AxaTest-AxaTestUITests.debug.xcconfig */;
			buildSettings = {
				ALWAYS_EMBED_SWIFT_STANDARD_LIBRARIES = YES;
				CODE_SIGN_STYLE = Automatic;
				CURRENT_PROJECT_VERSION = 1;
				GENERATE_INFOPLIST_FILE = YES;
				MARKETING_VERSION = 1.0;
				PRODUCT_BUNDLE_IDENTIFIER = jaimearanaz.AxaTestUITests;
				PRODUCT_NAME = "$(TARGET_NAME)";
				SWIFT_EMIT_LOC_STRINGS = NO;
				SWIFT_VERSION = 5.0;
				TARGETED_DEVICE_FAMILY = "1,2";
				TEST_TARGET_NAME = AxaTest;
			};
			name = Debug;
		};
		6FD09F10283F724B0015567C /* Release */ = {
			isa = XCBuildConfiguration;
			baseConfigurationReference = BC1C1C46B8494C47849A8A51 /* Pods-AxaTest-AxaTestUITests.release.xcconfig */;
			buildSettings = {
				ALWAYS_EMBED_SWIFT_STANDARD_LIBRARIES = YES;
				CODE_SIGN_STYLE = Automatic;
				CURRENT_PROJECT_VERSION = 1;
				GENERATE_INFOPLIST_FILE = YES;
				MARKETING_VERSION = 1.0;
				PRODUCT_BUNDLE_IDENTIFIER = jaimearanaz.AxaTestUITests;
				PRODUCT_NAME = "$(TARGET_NAME)";
				SWIFT_EMIT_LOC_STRINGS = NO;
				SWIFT_VERSION = 5.0;
				TARGETED_DEVICE_FAMILY = "1,2";
				TEST_TARGET_NAME = AxaTest;
			};
			name = Release;
		};
/* End XCBuildConfiguration section */

/* Begin XCConfigurationList section */
		6FD09ED9283F724B0015567C /* Build configuration list for PBXProject "AxaTest" */ = {
			isa = XCConfigurationList;
			buildConfigurations = (
				6FD09F06283F724B0015567C /* Debug */,
				6FD09F07283F724B0015567C /* Release */,
			);
			defaultConfigurationIsVisible = 0;
			defaultConfigurationName = Release;
		};
		6FD09F08283F724B0015567C /* Build configuration list for PBXNativeTarget "AxaTest" */ = {
			isa = XCConfigurationList;
			buildConfigurations = (
				6FD09F09283F724B0015567C /* Debug */,
				6FD09F0A283F724B0015567C /* Release */,
			);
			defaultConfigurationIsVisible = 0;
			defaultConfigurationName = Release;
		};
		6FD09F0B283F724B0015567C /* Build configuration list for PBXNativeTarget "AxaTestTests" */ = {
			isa = XCConfigurationList;
			buildConfigurations = (
				6FD09F0C283F724B0015567C /* Debug */,
				6FD09F0D283F724B0015567C /* Release */,
			);
			defaultConfigurationIsVisible = 0;
			defaultConfigurationName = Release;
		};
		6FD09F0E283F724B0015567C /* Build configuration list for PBXNativeTarget "AxaTestUITests" */ = {
			isa = XCConfigurationList;
			buildConfigurations = (
				6FD09F0F283F724B0015567C /* Debug */,
				6FD09F10283F724B0015567C /* Release */,
			);
			defaultConfigurationIsVisible = 0;
			defaultConfigurationName = Release;
		};
/* End XCConfigurationList section */
	};
	rootObject = 6FD09ED6283F724B0015567C /* Project object */;
}
