// !$*UTF8*$!
{
	archiveVersion = 1;
	classes = {
	};
	objectVersion = 55;
	objects = {

/* Begin PBXBuildFile section */
		6F03B495283F88FC0047E456 /* City.swift in Sources */ = {isa = PBXBuildFile; fileRef = 6F03B494283F88FC0047E456 /* City.swift */; };
		6F03B497283FB35E0047E456 /* NetworkErrors+Extensions.swift in Sources */ = {isa = PBXBuildFile; fileRef = 6F03B496283FB35E0047E456 /* NetworkErrors+Extensions.swift */; };
		6F03B49A283FB4130047E456 /* String+Extensions.swift in Sources */ = {isa = PBXBuildFile; fileRef = 6F03B499283FB4130047E456 /* String+Extensions.swift */; };
		6F03B49C283FB4710047E456 /* Localizable.strings in Resources */ = {isa = PBXBuildFile; fileRef = 6F03B49B283FB4710047E456 /* Localizable.strings */; };
		6F03B49E283FC6DE0047E456 /* Collection+Extensions.swift in Sources */ = {isa = PBXBuildFile; fileRef = 6F03B49D283FC6DE0047E456 /* Collection+Extensions.swift */; };
		6F03B4A02840E6280047E456 /* FilterViewController.swift in Sources */ = {isa = PBXBuildFile; fileRef = 6F03B49F2840E6280047E456 /* FilterViewController.swift */; };
		6F03B4A32840EACB0047E456 /* GridViewModel.swift in Sources */ = {isa = PBXBuildFile; fileRef = 6F03B4A22840EACB0047E456 /* GridViewModel.swift */; };
		6F03B4A52840EAF70047E456 /* BaseViewController.swift in Sources */ = {isa = PBXBuildFile; fileRef = 6F03B4A42840EAF70047E456 /* BaseViewController.swift */; };
		6F03B4A72840EB300047E456 /* BaseViewModel.swift in Sources */ = {isa = PBXBuildFile; fileRef = 6F03B4A62840EB300047E456 /* BaseViewModel.swift */; };
		6F03B4AA2840EB630047E456 /* Box.swift in Sources */ = {isa = PBXBuildFile; fileRef = 6F03B4A92840EB630047E456 /* Box.swift */; };
		6F03B4AD284230B00047E456 /* DependencyInjector.swift in Sources */ = {isa = PBXBuildFile; fileRef = 6F03B4AC284230B00047E456 /* DependencyInjector.swift */; };
		6F03B4AF284230C80047E456 /* GridDI.swift in Sources */ = {isa = PBXBuildFile; fileRef = 6F03B4AE284230C80047E456 /* GridDI.swift */; };
		6F03B4B2284231A00047E456 /* CharacterGridUi.swift in Sources */ = {isa = PBXBuildFile; fileRef = 6F03B4B1284231A00047E456 /* CharacterGridUi.swift */; };
		6F03B4B52842368E0047E456 /* GetCharactersUseCase.swift in Sources */ = {isa = PBXBuildFile; fileRef = 6F03B4B42842368E0047E456 /* GetCharactersUseCase.swift */; };
		6F03B4B7284236B40047E456 /* GetFilteredCharactersUseCase.swift in Sources */ = {isa = PBXBuildFile; fileRef = 6F03B4B6284236B40047E456 /* GetFilteredCharactersUseCase.swift */; };
		6F03B4B9284236DB0047E456 /* GetFilterValuesUseCase.swift in Sources */ = {isa = PBXBuildFile; fileRef = 6F03B4B8284236DB0047E456 /* GetFilterValuesUseCase.swift */; };
		6F03B4BB284236EA0047E456 /* GetActiveFilterUseCase.swift in Sources */ = {isa = PBXBuildFile; fileRef = 6F03B4BA284236EA0047E456 /* GetActiveFilterUseCase.swift */; };
		6F03B4BD284236F90047E456 /* SaveActiveFilterUseCase.swift in Sources */ = {isa = PBXBuildFile; fileRef = 6F03B4BC284236F90047E456 /* SaveActiveFilterUseCase.swift */; };
		6F03B4BF284237050047E456 /* ResetActiveFilterUseCase.swift in Sources */ = {isa = PBXBuildFile; fileRef = 6F03B4BE284237050047E456 /* ResetActiveFilterUseCase.swift */; };
		6F03B4C2284237B70047E456 /* NonPersistentRepositoryProtocol.swift in Sources */ = {isa = PBXBuildFile; fileRef = 6F03B4C1284237B70047E456 /* NonPersistentRepositoryProtocol.swift */; };
		6F03B4C4284237F60047E456 /* NonPersistentRepository.swift in Sources */ = {isa = PBXBuildFile; fileRef = 6F03B4C3284237F60047E456 /* NonPersistentRepository.swift */; };
		6F03B4C728423C2F0047E456 /* Character+Mapper.swift in Sources */ = {isa = PBXBuildFile; fileRef = 6F03B4C628423C2F0047E456 /* Character+Mapper.swift */; };
		6F03B4C928423F2F0047E456 /* GridRouter.swift in Sources */ = {isa = PBXBuildFile; fileRef = 6F03B4C828423F2F0047E456 /* GridRouter.swift */; };
		6F03B4CB284240860047E456 /* FilterDI.swift in Sources */ = {isa = PBXBuildFile; fileRef = 6F03B4CA284240860047E456 /* FilterDI.swift */; };
		6F03B4CD284242210047E456 /* GetSelectedCharacter.swift in Sources */ = {isa = PBXBuildFile; fileRef = 6F03B4CC284242210047E456 /* GetSelectedCharacter.swift */; };
		6F03B4CF2842422E0047E456 /* SaveSelectedCharacter.swift in Sources */ = {isa = PBXBuildFile; fileRef = 6F03B4CE2842422E0047E456 /* SaveSelectedCharacter.swift */; };
		6F03B4D328424ADB0047E456 /* Filter.swift in Sources */ = {isa = PBXBuildFile; fileRef = 6F03B4D228424ADB0047E456 /* Filter.swift */; };
		6F03B4D728424DCC0047E456 /* NonPersistentErrors.swift in Sources */ = {isa = PBXBuildFile; fileRef = 6F03B4D628424DCC0047E456 /* NonPersistentErrors.swift */; };
		6F03B4D928424E0A0047E456 /* NonPersistentErrors+Extensions.swift in Sources */ = {isa = PBXBuildFile; fileRef = 6F03B4D828424E0A0047E456 /* NonPersistentErrors+Extensions.swift */; };
		6F03B4DB284253C50047E456 /* Array+Extensions.swift in Sources */ = {isa = PBXBuildFile; fileRef = 6F03B4DA284253C50047E456 /* Array+Extensions.swift */; };
		6F03B4DD2842777E0047E456 /* CharacterViewController.swift in Sources */ = {isa = PBXBuildFile; fileRef = 6F03B4DC2842777E0047E456 /* CharacterViewController.swift */; };
		6F03B4DF284277E60047E456 /* CharacterDI.swift in Sources */ = {isa = PBXBuildFile; fileRef = 6F03B4DE284277E60047E456 /* CharacterDI.swift */; };
		6F03B4E228427FB50047E456 /* FilterViewModel.swift in Sources */ = {isa = PBXBuildFile; fileRef = 6F03B4E128427FB50047E456 /* FilterViewModel.swift */; };
		6F03B4E42843C0DB0047E456 /* FilterConfigUi.swift in Sources */ = {isa = PBXBuildFile; fileRef = 6F03B4E32843C0DB0047E456 /* FilterConfigUi.swift */; };
		6F03B4E72843C3B90047E456 /* CharacterDetailsUi.swift in Sources */ = {isa = PBXBuildFile; fileRef = 6F03B4E62843C3B90047E456 /* CharacterDetailsUi.swift */; };
		6F03B4EC2843C7660047E456 /* Filter+Mapper.swift in Sources */ = {isa = PBXBuildFile; fileRef = 6F03B4EB2843C7660047E456 /* Filter+Mapper.swift */; };
		6F6E6395283F794B004347DE /* NetworkRepository.swift in Sources */ = {isa = PBXBuildFile; fileRef = 6F6E6394283F794B004347DE /* NetworkRepository.swift */; };
		6F6E6397283F79AF004347DE /* GetCharacters.swift in Sources */ = {isa = PBXBuildFile; fileRef = 6F6E6396283F79AF004347DE /* GetCharacters.swift */; };
		6F6E639A283F7AAE004347DE /* NetworkRepositoryProtocol.swift in Sources */ = {isa = PBXBuildFile; fileRef = 6F6E6399283F7AAE004347DE /* NetworkRepositoryProtocol.swift */; };
		6F6E639D283F8324004347DE /* Character.swift in Sources */ = {isa = PBXBuildFile; fileRef = 6F6E639C283F8324004347DE /* Character.swift */; };
		6F6E63A1283F8447004347DE /* NetworkErrors.swift in Sources */ = {isa = PBXBuildFile; fileRef = 6F6E63A0283F8447004347DE /* NetworkErrors.swift */; };
		6FD09EE2283F724B0015567C /* AppDelegate.swift in Sources */ = {isa = PBXBuildFile; fileRef = 6FD09EE1283F724B0015567C /* AppDelegate.swift */; };
		6FD09EE4283F724B0015567C /* SceneDelegate.swift in Sources */ = {isa = PBXBuildFile; fileRef = 6FD09EE3283F724B0015567C /* SceneDelegate.swift */; };
		6FD09EE6283F724B0015567C /* GridViewController.swift in Sources */ = {isa = PBXBuildFile; fileRef = 6FD09EE5283F724B0015567C /* GridViewController.swift */; };
		6FD09EE9283F724B0015567C /* Main.storyboard in Resources */ = {isa = PBXBuildFile; fileRef = 6FD09EE7283F724B0015567C /* Main.storyboard */; };
		6FD09EEB283F724B0015567C /* Assets.xcassets in Resources */ = {isa = PBXBuildFile; fileRef = 6FD09EEA283F724B0015567C /* Assets.xcassets */; };
		6FD09EEE283F724B0015567C /* LaunchScreen.storyboard in Resources */ = {isa = PBXBuildFile; fileRef = 6FD09EEC283F724B0015567C /* LaunchScreen.storyboard */; };
		6FD09EF9283F724B0015567C /* AxaTestTests.swift in Sources */ = {isa = PBXBuildFile; fileRef = 6FD09EF8283F724B0015567C /* AxaTestTests.swift */; };
		6FD09F03283F724B0015567C /* AxaTestUITests.swift in Sources */ = {isa = PBXBuildFile; fileRef = 6FD09F02283F724B0015567C /* AxaTestUITests.swift */; };
		6FD09F05283F724B0015567C /* AxaTestUITestsLaunchTests.swift in Sources */ = {isa = PBXBuildFile; fileRef = 6FD09F04283F724B0015567C /* AxaTestUITestsLaunchTests.swift */; };
/* End PBXBuildFile section */

/* Begin PBXContainerItemProxy section */
		6FD09EF5283F724B0015567C /* PBXContainerItemProxy */ = {
			isa = PBXContainerItemProxy;
			containerPortal = 6FD09ED6283F724B0015567C /* Project object */;
			proxyType = 1;
			remoteGlobalIDString = 6FD09EDD283F724B0015567C;
			remoteInfo = AxaTest;
		};
		6FD09EFF283F724B0015567C /* PBXContainerItemProxy */ = {
			isa = PBXContainerItemProxy;
			containerPortal = 6FD09ED6283F724B0015567C /* Project object */;
			proxyType = 1;
			remoteGlobalIDString = 6FD09EDD283F724B0015567C;
			remoteInfo = AxaTest;
		};
/* End PBXContainerItemProxy section */

/* Begin PBXFileReference section */
		6F03B494283F88FC0047E456 /* City.swift */ = {isa = PBXFileReference; lastKnownFileType = sourcecode.swift; path = City.swift; sourceTree = "<group>"; };
		6F03B496283FB35E0047E456 /* NetworkErrors+Extensions.swift */ = {isa = PBXFileReference; lastKnownFileType = sourcecode.swift; path = "NetworkErrors+Extensions.swift"; sourceTree = "<group>"; };
		6F03B499283FB4130047E456 /* String+Extensions.swift */ = {isa = PBXFileReference; lastKnownFileType = sourcecode.swift; path = "String+Extensions.swift"; sourceTree = "<group>"; };
		6F03B49B283FB4710047E456 /* Localizable.strings */ = {isa = PBXFileReference; lastKnownFileType = text.plist.strings; path = Localizable.strings; sourceTree = "<group>"; };
		6F03B49D283FC6DE0047E456 /* Collection+Extensions.swift */ = {isa = PBXFileReference; lastKnownFileType = sourcecode.swift; path = "Collection+Extensions.swift"; sourceTree = "<group>"; };
		6F03B49F2840E6280047E456 /* FilterViewController.swift */ = {isa = PBXFileReference; lastKnownFileType = sourcecode.swift; path = FilterViewController.swift; sourceTree = "<group>"; };
		6F03B4A22840EACB0047E456 /* GridViewModel.swift */ = {isa = PBXFileReference; lastKnownFileType = sourcecode.swift; path = GridViewModel.swift; sourceTree = "<group>"; };
		6F03B4A42840EAF70047E456 /* BaseViewController.swift */ = {isa = PBXFileReference; lastKnownFileType = sourcecode.swift; path = BaseViewController.swift; sourceTree = "<group>"; };
		6F03B4A62840EB300047E456 /* BaseViewModel.swift */ = {isa = PBXFileReference; lastKnownFileType = sourcecode.swift; path = BaseViewModel.swift; sourceTree = "<group>"; };
		6F03B4A92840EB630047E456 /* Box.swift */ = {isa = PBXFileReference; lastKnownFileType = sourcecode.swift; path = Box.swift; sourceTree = "<group>"; };
		6F03B4AC284230B00047E456 /* DependencyInjector.swift */ = {isa = PBXFileReference; lastKnownFileType = sourcecode.swift; path = DependencyInjector.swift; sourceTree = "<group>"; };
		6F03B4AE284230C80047E456 /* GridDI.swift */ = {isa = PBXFileReference; lastKnownFileType = sourcecode.swift; path = GridDI.swift; sourceTree = "<group>"; };
		6F03B4B1284231A00047E456 /* CharacterGridUi.swift */ = {isa = PBXFileReference; lastKnownFileType = sourcecode.swift; path = CharacterGridUi.swift; sourceTree = "<group>"; };
		6F03B4B42842368E0047E456 /* GetCharactersUseCase.swift */ = {isa = PBXFileReference; lastKnownFileType = sourcecode.swift; path = GetCharactersUseCase.swift; sourceTree = "<group>"; };
		6F03B4B6284236B40047E456 /* GetFilteredCharactersUseCase.swift */ = {isa = PBXFileReference; lastKnownFileType = sourcecode.swift; path = GetFilteredCharactersUseCase.swift; sourceTree = "<group>"; };
		6F03B4B8284236DB0047E456 /* GetFilterValuesUseCase.swift */ = {isa = PBXFileReference; lastKnownFileType = sourcecode.swift; path = GetFilterValuesUseCase.swift; sourceTree = "<group>"; };
		6F03B4BA284236EA0047E456 /* GetActiveFilterUseCase.swift */ = {isa = PBXFileReference; lastKnownFileType = sourcecode.swift; path = GetActiveFilterUseCase.swift; sourceTree = "<group>"; };
		6F03B4BC284236F90047E456 /* SaveActiveFilterUseCase.swift */ = {isa = PBXFileReference; lastKnownFileType = sourcecode.swift; path = SaveActiveFilterUseCase.swift; sourceTree = "<group>"; };
		6F03B4BE284237050047E456 /* ResetActiveFilterUseCase.swift */ = {isa = PBXFileReference; lastKnownFileType = sourcecode.swift; path = ResetActiveFilterUseCase.swift; sourceTree = "<group>"; };
		6F03B4C1284237B70047E456 /* NonPersistentRepositoryProtocol.swift */ = {isa = PBXFileReference; lastKnownFileType = sourcecode.swift; path = NonPersistentRepositoryProtocol.swift; sourceTree = "<group>"; };
		6F03B4C3284237F60047E456 /* NonPersistentRepository.swift */ = {isa = PBXFileReference; lastKnownFileType = sourcecode.swift; path = NonPersistentRepository.swift; sourceTree = "<group>"; };
		6F03B4C628423C2F0047E456 /* Character+Mapper.swift */ = {isa = PBXFileReference; lastKnownFileType = sourcecode.swift; path = "Character+Mapper.swift"; sourceTree = "<group>"; };
		6F03B4C828423F2F0047E456 /* GridRouter.swift */ = {isa = PBXFileReference; lastKnownFileType = sourcecode.swift; path = GridRouter.swift; sourceTree = "<group>"; };
		6F03B4CA284240860047E456 /* FilterDI.swift */ = {isa = PBXFileReference; lastKnownFileType = sourcecode.swift; path = FilterDI.swift; sourceTree = "<group>"; };
		6F03B4CC284242210047E456 /* GetSelectedCharacter.swift */ = {isa = PBXFileReference; lastKnownFileType = sourcecode.swift; path = GetSelectedCharacter.swift; sourceTree = "<group>"; };
		6F03B4CE2842422E0047E456 /* SaveSelectedCharacter.swift */ = {isa = PBXFileReference; lastKnownFileType = sourcecode.swift; path = SaveSelectedCharacter.swift; sourceTree = "<group>"; };
		6F03B4D228424ADB0047E456 /* Filter.swift */ = {isa = PBXFileReference; lastKnownFileType = sourcecode.swift; path = Filter.swift; sourceTree = "<group>"; };
		6F03B4D628424DCC0047E456 /* NonPersistentErrors.swift */ = {isa = PBXFileReference; lastKnownFileType = sourcecode.swift; path = NonPersistentErrors.swift; sourceTree = "<group>"; };
		6F03B4D828424E0A0047E456 /* NonPersistentErrors+Extensions.swift */ = {isa = PBXFileReference; lastKnownFileType = sourcecode.swift; path = "NonPersistentErrors+Extensions.swift"; sourceTree = "<group>"; };
		6F03B4DA284253C50047E456 /* Array+Extensions.swift */ = {isa = PBXFileReference; lastKnownFileType = sourcecode.swift; path = "Array+Extensions.swift"; sourceTree = "<group>"; };
		6F03B4DC2842777E0047E456 /* CharacterViewController.swift */ = {isa = PBXFileReference; lastKnownFileType = sourcecode.swift; path = CharacterViewController.swift; sourceTree = "<group>"; };
		6F03B4DE284277E60047E456 /* CharacterDI.swift */ = {isa = PBXFileReference; lastKnownFileType = sourcecode.swift; path = CharacterDI.swift; sourceTree = "<group>"; };
		6F03B4E128427FB50047E456 /* FilterViewModel.swift */ = {isa = PBXFileReference; lastKnownFileType = sourcecode.swift; path = FilterViewModel.swift; sourceTree = "<group>"; };
		6F03B4E32843C0DB0047E456 /* FilterConfigUi.swift */ = {isa = PBXFileReference; lastKnownFileType = sourcecode.swift; path = FilterConfigUi.swift; sourceTree = "<group>"; };
		6F03B4E62843C3B90047E456 /* CharacterDetailsUi.swift */ = {isa = PBXFileReference; lastKnownFileType = sourcecode.swift; path = CharacterDetailsUi.swift; sourceTree = "<group>"; };
		6F03B4EB2843C7660047E456 /* Filter+Mapper.swift */ = {isa = PBXFileReference; lastKnownFileType = sourcecode.swift; path = "Filter+Mapper.swift"; sourceTree = "<group>"; };
		6F6E6394283F794B004347DE /* NetworkRepository.swift */ = {isa = PBXFileReference; lastKnownFileType = sourcecode.swift; path = NetworkRepository.swift; sourceTree = "<group>"; };
		6F6E6396283F79AF004347DE /* GetCharacters.swift */ = {isa = PBXFileReference; lastKnownFileType = sourcecode.swift; path = GetCharacters.swift; sourceTree = "<group>"; };
		6F6E6399283F7AAE004347DE /* NetworkRepositoryProtocol.swift */ = {isa = PBXFileReference; lastKnownFileType = sourcecode.swift; path = NetworkRepositoryProtocol.swift; sourceTree = "<group>"; };
		6F6E639C283F8324004347DE /* Character.swift */ = {isa = PBXFileReference; lastKnownFileType = sourcecode.swift; path = Character.swift; sourceTree = "<group>"; };
		6F6E63A0283F8447004347DE /* NetworkErrors.swift */ = {isa = PBXFileReference; lastKnownFileType = sourcecode.swift; path = NetworkErrors.swift; sourceTree = "<group>"; };
		6FD09EDE283F724B0015567C /* AxaTest.app */ = {isa = PBXFileReference; explicitFileType = wrapper.application; includeInIndex = 0; path = AxaTest.app; sourceTree = BUILT_PRODUCTS_DIR; };
		6FD09EE1283F724B0015567C /* AppDelegate.swift */ = {isa = PBXFileReference; lastKnownFileType = sourcecode.swift; path = AppDelegate.swift; sourceTree = "<group>"; };
		6FD09EE3283F724B0015567C /* SceneDelegate.swift */ = {isa = PBXFileReference; lastKnownFileType = sourcecode.swift; path = SceneDelegate.swift; sourceTree = "<group>"; };
		6FD09EE5283F724B0015567C /* GridViewController.swift */ = {isa = PBXFileReference; lastKnownFileType = sourcecode.swift; path = GridViewController.swift; sourceTree = "<group>"; };
		6FD09EE8283F724B0015567C /* Base */ = {isa = PBXFileReference; lastKnownFileType = file.storyboard; name = Base; path = Base.lproj/Main.storyboard; sourceTree = "<group>"; };
		6FD09EEA283F724B0015567C /* Assets.xcassets */ = {isa = PBXFileReference; lastKnownFileType = folder.assetcatalog; path = Assets.xcassets; sourceTree = "<group>"; };
		6FD09EED283F724B0015567C /* Base */ = {isa = PBXFileReference; lastKnownFileType = file.storyboard; name = Base; path = Base.lproj/LaunchScreen.storyboard; sourceTree = "<group>"; };
		6FD09EEF283F724B0015567C /* Info.plist */ = {isa = PBXFileReference; lastKnownFileType = text.plist.xml; path = Info.plist; sourceTree = "<group>"; };
		6FD09EF4283F724B0015567C /* AxaTestTests.xctest */ = {isa = PBXFileReference; explicitFileType = wrapper.cfbundle; includeInIndex = 0; path = AxaTestTests.xctest; sourceTree = BUILT_PRODUCTS_DIR; };
		6FD09EF8283F724B0015567C /* AxaTestTests.swift */ = {isa = PBXFileReference; lastKnownFileType = sourcecode.swift; path = AxaTestTests.swift; sourceTree = "<group>"; };
		6FD09EFE283F724B0015567C /* AxaTestUITests.xctest */ = {isa = PBXFileReference; explicitFileType = wrapper.cfbundle; includeInIndex = 0; path = AxaTestUITests.xctest; sourceTree = BUILT_PRODUCTS_DIR; };
		6FD09F02283F724B0015567C /* AxaTestUITests.swift */ = {isa = PBXFileReference; lastKnownFileType = sourcecode.swift; path = AxaTestUITests.swift; sourceTree = "<group>"; };
		6FD09F04283F724B0015567C /* AxaTestUITestsLaunchTests.swift */ = {isa = PBXFileReference; lastKnownFileType = sourcecode.swift; path = AxaTestUITestsLaunchTests.swift; sourceTree = "<group>"; };
/* End PBXFileReference section */

/* Begin PBXFrameworksBuildPhase section */
		6FD09EDB283F724B0015567C /* Frameworks */ = {
			isa = PBXFrameworksBuildPhase;
			buildActionMask = 2147483647;
			files = (
			);
			runOnlyForDeploymentPostprocessing = 0;
		};
		6FD09EF1283F724B0015567C /* Frameworks */ = {
			isa = PBXFrameworksBuildPhase;
			buildActionMask = 2147483647;
			files = (
			);
			runOnlyForDeploymentPostprocessing = 0;
		};
		6FD09EFB283F724B0015567C /* Frameworks */ = {
			isa = PBXFrameworksBuildPhase;
			buildActionMask = 2147483647;
			files = (
			);
			runOnlyForDeploymentPostprocessing = 0;
		};
/* End PBXFrameworksBuildPhase section */

/* Begin PBXGroup section */
		6F03B498283FB4030047E456 /* extensions */ = {
			isa = PBXGroup;
			children = (
				6F03B499283FB4130047E456 /* String+Extensions.swift */,
				6F03B49D283FC6DE0047E456 /* Collection+Extensions.swift */,
				6F03B4DA284253C50047E456 /* Array+Extensions.swift */,
			);
			path = extensions;
			sourceTree = "<group>";
		};
		6F03B4A82840EB560047E456 /* utils */ = {
			isa = PBXGroup;
			children = (
				6F03B4A92840EB630047E456 /* Box.swift */,
			);
			path = utils;
			sourceTree = "<group>";
		};
		6F03B4AB284230A30047E456 /* di */ = {
			isa = PBXGroup;
			children = (
				6F03B4AC284230B00047E456 /* DependencyInjector.swift */,
				6F03B4AE284230C80047E456 /* GridDI.swift */,
				6F03B4CA284240860047E456 /* FilterDI.swift */,
				6F03B4DE284277E60047E456 /* CharacterDI.swift */,
			);
			path = di;
			sourceTree = "<group>";
		};
		6F03B4B32842366F0047E456 /* usecases */ = {
			isa = PBXGroup;
			children = (
				6F03B4B42842368E0047E456 /* GetCharactersUseCase.swift */,
				6F03B4B6284236B40047E456 /* GetFilteredCharactersUseCase.swift */,
				6F03B4B8284236DB0047E456 /* GetFilterValuesUseCase.swift */,
				6F03B4BC284236F90047E456 /* SaveActiveFilterUseCase.swift */,
				6F03B4BA284236EA0047E456 /* GetActiveFilterUseCase.swift */,
				6F03B4BE284237050047E456 /* ResetActiveFilterUseCase.swift */,
				6F03B4CE2842422E0047E456 /* SaveSelectedCharacter.swift */,
				6F03B4CC284242210047E456 /* GetSelectedCharacter.swift */,
			);
			path = usecases;
			sourceTree = "<group>";
		};
		6F03B4C0284237880047E456 /* nonpersistent */ = {
			isa = PBXGroup;
			children = (
				6F03B4D628424DCC0047E456 /* NonPersistentErrors.swift */,
				6F03B4C1284237B70047E456 /* NonPersistentRepositoryProtocol.swift */,
				6F03B4C3284237F60047E456 /* NonPersistentRepository.swift */,
			);
			path = nonpersistent;
			sourceTree = "<group>";
		};
		6F03B4C528423C080047E456 /* mappers */ = {
			isa = PBXGroup;
			children = (
				6F03B4C628423C2F0047E456 /* Character+Mapper.swift */,
				6F03B4EB2843C7660047E456 /* Filter+Mapper.swift */,
			);
			path = mappers;
			sourceTree = "<group>";
		};
		6F03B4E52843C3840047E456 /* models+ui */ = {
			isa = PBXGroup;
			children = (
				6F03B4B1284231A00047E456 /* CharacterGridUi.swift */,
				6F03B4E62843C3B90047E456 /* CharacterDetailsUi.swift */,
				6F03B4E32843C0DB0047E456 /* FilterConfigUi.swift */,
			);
			path = "models+ui";
			sourceTree = "<group>";
		};
		6F6E638A283F7794004347DE /* resources */ = {
			isa = PBXGroup;
			children = (
				6FD09EEF283F724B0015567C /* Info.plist */,
				6FD09EEA283F724B0015567C /* Assets.xcassets */,
				6F03B49B283FB4710047E456 /* Localizable.strings */,
			);
			path = resources;
			sourceTree = "<group>";
		};
		6F6E638B283F77B6004347DE /* views */ = {
			isa = PBXGroup;
			children = (
				6F03B4A42840EAF70047E456 /* BaseViewController.swift */,
				6F03B4A62840EB300047E456 /* BaseViewModel.swift */,
				6F03B4C828423F2F0047E456 /* GridRouter.swift */,
				6FD09EE5283F724B0015567C /* GridViewController.swift */,
				6F03B4A22840EACB0047E456 /* GridViewModel.swift */,
				6F03B49F2840E6280047E456 /* FilterViewController.swift */,
				6F03B4E128427FB50047E456 /* FilterViewModel.swift */,
				6F03B4DC2842777E0047E456 /* CharacterViewController.swift */,
				6F03B496283FB35E0047E456 /* NetworkErrors+Extensions.swift */,
				6F03B4D828424E0A0047E456 /* NonPersistentErrors+Extensions.swift */,
			);
			path = views;
			sourceTree = "<group>";
		};
		6F6E638C283F77D3004347DE /* models */ = {
			isa = PBXGroup;
			children = (
				6F03B494283F88FC0047E456 /* City.swift */,
				6F6E639C283F8324004347DE /* Character.swift */,
				6F03B4D228424ADB0047E456 /* Filter.swift */,
			);
			path = models;
			sourceTree = "<group>";
		};
		6F6E6392283F7911004347DE /* repositories */ = {
			isa = PBXGroup;
			children = (
				6F03B4C0284237880047E456 /* nonpersistent */,
				6F6E6393283F7924004347DE /* network */,
			);
			path = repositories;
			sourceTree = "<group>";
		};
		6F6E6393283F7924004347DE /* network */ = {
			isa = PBXGroup;
			children = (
				6F6E63A0283F8447004347DE /* NetworkErrors.swift */,
				6F6E6399283F7AAE004347DE /* NetworkRepositoryProtocol.swift */,
				6F6E6394283F794B004347DE /* NetworkRepository.swift */,
				6F6E6396283F79AF004347DE /* GetCharacters.swift */,
			);
			path = network;
			sourceTree = "<group>";
		};
		6F6E639B283F82DF004347DE /* xibs */ = {
			isa = PBXGroup;
			children = (
				6FD09EE7283F724B0015567C /* Main.storyboard */,
				6FD09EEC283F724B0015567C /* LaunchScreen.storyboard */,
			);
			path = xibs;
			sourceTree = "<group>";
		};
		6FD09ED5283F724B0015567C = {
			isa = PBXGroup;
			children = (
				6FD09EE0283F724B0015567C /* AxaTest */,
				6FD09EF7283F724B0015567C /* AxaTestTests */,
				6FD09F01283F724B0015567C /* AxaTestUITests */,
				6FD09EDF283F724B0015567C /* Products */,
			);
			sourceTree = "<group>";
		};
		6FD09EDF283F724B0015567C /* Products */ = {
			isa = PBXGroup;
			children = (
				6FD09EDE283F724B0015567C /* AxaTest.app */,
				6FD09EF4283F724B0015567C /* AxaTestTests.xctest */,
				6FD09EFE283F724B0015567C /* AxaTestUITests.xctest */,
			);
			name = Products;
			sourceTree = "<group>";
		};
		6FD09EE0283F724B0015567C /* AxaTest */ = {
			isa = PBXGroup;
			children = (
				6F03B4AB284230A30047E456 /* di */,
				6F6E638C283F77D3004347DE /* models */,
				6F03B4E52843C3840047E456 /* models+ui */,
				6F03B4C528423C080047E456 /* mappers */,
				6F6E639B283F82DF004347DE /* xibs */,
				6F6E638B283F77B6004347DE /* views */,
				6F03B4B32842366F0047E456 /* usecases */,
				6F6E6392283F7911004347DE /* repositories */,
				6F03B498283FB4030047E456 /* extensions */,
				6F03B4A82840EB560047E456 /* utils */,
				6F6E638A283F7794004347DE /* resources */,
				6FD09EE1283F724B0015567C /* AppDelegate.swift */,
				6FD09EE3283F724B0015567C /* SceneDelegate.swift */,
			);
			path = AxaTest;
			sourceTree = "<group>";
		};
		6FD09EF7283F724B0015567C /* AxaTestTests */ = {
			isa = PBXGroup;
			children = (
				6FD09EF8283F724B0015567C /* AxaTestTests.swift */,
			);
			path = AxaTestTests;
			sourceTree = "<group>";
		};
		6FD09F01283F724B0015567C /* AxaTestUITests */ = {
			isa = PBXGroup;
			children = (
				6FD09F02283F724B0015567C /* AxaTestUITests.swift */,
				6FD09F04283F724B0015567C /* AxaTestUITestsLaunchTests.swift */,
			);
			path = AxaTestUITests;
			sourceTree = "<group>";
		};
/* End PBXGroup section */

/* Begin PBXNativeTarget section */
		6FD09EDD283F724B0015567C /* AxaTest */ = {
			isa = PBXNativeTarget;
			buildConfigurationList = 6FD09F08283F724B0015567C /* Build configuration list for PBXNativeTarget "AxaTest" */;
			buildPhases = (
				6FD09EDA283F724B0015567C /* Sources */,
				6FD09EDB283F724B0015567C /* Frameworks */,
				6FD09EDC283F724B0015567C /* Resources */,
			);
			buildRules = (
			);
			dependencies = (
			);
			name = AxaTest;
			productName = AxaTest;
			productReference = 6FD09EDE283F724B0015567C /* AxaTest.app */;
			productType = "com.apple.product-type.application";
		};
		6FD09EF3283F724B0015567C /* AxaTestTests */ = {
			isa = PBXNativeTarget;
			buildConfigurationList = 6FD09F0B283F724B0015567C /* Build configuration list for PBXNativeTarget "AxaTestTests" */;
			buildPhases = (
				6FD09EF0283F724B0015567C /* Sources */,
				6FD09EF1283F724B0015567C /* Frameworks */,
				6FD09EF2283F724B0015567C /* Resources */,
			);
			buildRules = (
			);
			dependencies = (
				6FD09EF6283F724B0015567C /* PBXTargetDependency */,
			);
			name = AxaTestTests;
			productName = AxaTestTests;
			productReference = 6FD09EF4283F724B0015567C /* AxaTestTests.xctest */;
			productType = "com.apple.product-type.bundle.unit-test";
		};
		6FD09EFD283F724B0015567C /* AxaTestUITests */ = {
			isa = PBXNativeTarget;
			buildConfigurationList = 6FD09F0E283F724B0015567C /* Build configuration list for PBXNativeTarget "AxaTestUITests" */;
			buildPhases = (
				6FD09EFA283F724B0015567C /* Sources */,
				6FD09EFB283F724B0015567C /* Frameworks */,
				6FD09EFC283F724B0015567C /* Resources */,
			);
			buildRules = (
			);
			dependencies = (
				6FD09F00283F724B0015567C /* PBXTargetDependency */,
			);
			name = AxaTestUITests;
			productName = AxaTestUITests;
			productReference = 6FD09EFE283F724B0015567C /* AxaTestUITests.xctest */;
			productType = "com.apple.product-type.bundle.ui-testing";
		};
/* End PBXNativeTarget section */

/* Begin PBXProject section */
		6FD09ED6283F724B0015567C /* Project object */ = {
			isa = PBXProject;
			attributes = {
				BuildIndependentTargetsInParallel = 1;
				LastSwiftUpdateCheck = 1330;
				LastUpgradeCheck = 1330;
				TargetAttributes = {
					6FD09EDD283F724B0015567C = {
						CreatedOnToolsVersion = 13.3.1;
					};
					6FD09EF3283F724B0015567C = {
						CreatedOnToolsVersion = 13.3.1;
						TestTargetID = 6FD09EDD283F724B0015567C;
					};
					6FD09EFD283F724B0015567C = {
						CreatedOnToolsVersion = 13.3.1;
						TestTargetID = 6FD09EDD283F724B0015567C;
					};
				};
			};
			buildConfigurationList = 6FD09ED9283F724B0015567C /* Build configuration list for PBXProject "AxaTest" */;
			compatibilityVersion = "Xcode 13.0";
			developmentRegion = en;
			hasScannedForEncodings = 0;
			knownRegions = (
				en,
				Base,
			);
			mainGroup = 6FD09ED5283F724B0015567C;
			productRefGroup = 6FD09EDF283F724B0015567C /* Products */;
			projectDirPath = "";
			projectRoot = "";
			targets = (
				6FD09EDD283F724B0015567C /* AxaTest */,
				6FD09EF3283F724B0015567C /* AxaTestTests */,
				6FD09EFD283F724B0015567C /* AxaTestUITests */,
			);
		};
/* End PBXProject section */

/* Begin PBXResourcesBuildPhase section */
		6FD09EDC283F724B0015567C /* Resources */ = {
			isa = PBXResourcesBuildPhase;
			buildActionMask = 2147483647;
			files = (
				6FD09EEE283F724B0015567C /* LaunchScreen.storyboard in Resources */,
				6F03B49C283FB4710047E456 /* Localizable.strings in Resources */,
				6FD09EEB283F724B0015567C /* Assets.xcassets in Resources */,
				6FD09EE9283F724B0015567C /* Main.storyboard in Resources */,
			);
			runOnlyForDeploymentPostprocessing = 0;
		};
		6FD09EF2283F724B0015567C /* Resources */ = {
			isa = PBXResourcesBuildPhase;
			buildActionMask = 2147483647;
			files = (
			);
			runOnlyForDeploymentPostprocessing = 0;
		};
		6FD09EFC283F724B0015567C /* Resources */ = {
			isa = PBXResourcesBuildPhase;
			buildActionMask = 2147483647;
			files = (
			);
			runOnlyForDeploymentPostprocessing = 0;
		};
/* End PBXResourcesBuildPhase section */

/* Begin PBXSourcesBuildPhase section */
		6FD09EDA283F724B0015567C /* Sources */ = {
			isa = PBXSourcesBuildPhase;
			buildActionMask = 2147483647;
			files = (
				6F6E6397283F79AF004347DE /* GetCharacters.swift in Sources */,
				6F03B4B7284236B40047E456 /* GetFilteredCharactersUseCase.swift in Sources */,
				6F03B4E228427FB50047E456 /* FilterViewModel.swift in Sources */,
				6F03B49A283FB4130047E456 /* String+Extensions.swift in Sources */,
				6F03B4EC2843C7660047E456 /* Filter+Mapper.swift in Sources */,
				6F03B4A32840EACB0047E456 /* GridViewModel.swift in Sources */,
				6FD09EE6283F724B0015567C /* GridViewController.swift in Sources */,
				6F03B4DB284253C50047E456 /* Array+Extensions.swift in Sources */,
				6F6E639D283F8324004347DE /* Character.swift in Sources */,
				6F03B4B2284231A00047E456 /* CharacterGridUi.swift in Sources */,
				6F03B4A72840EB300047E456 /* BaseViewModel.swift in Sources */,
				6F03B4C4284237F60047E456 /* NonPersistentRepository.swift in Sources */,
				6F03B4A52840EAF70047E456 /* BaseViewController.swift in Sources */,
				6F03B4C2284237B70047E456 /* NonPersistentRepositoryProtocol.swift in Sources */,
				6F03B4CD284242210047E456 /* GetSelectedCharacter.swift in Sources */,
				6F03B4CB284240860047E456 /* FilterDI.swift in Sources */,
				6F03B495283F88FC0047E456 /* City.swift in Sources */,
				6F03B4DF284277E60047E456 /* CharacterDI.swift in Sources */,
				6F03B4C928423F2F0047E456 /* GridRouter.swift in Sources */,
				6F03B4DD2842777E0047E456 /* CharacterViewController.swift in Sources */,
				6F03B4D328424ADB0047E456 /* Filter.swift in Sources */,
				6F03B4E42843C0DB0047E456 /* FilterConfigUi.swift in Sources */,
				6F03B4BB284236EA0047E456 /* GetActiveFilterUseCase.swift in Sources */,
				6F03B4AF284230C80047E456 /* GridDI.swift in Sources */,
				6F03B49E283FC6DE0047E456 /* Collection+Extensions.swift in Sources */,
				6F03B4D928424E0A0047E456 /* NonPersistentErrors+Extensions.swift in Sources */,
				6F03B4CF2842422E0047E456 /* SaveSelectedCharacter.swift in Sources */,
				6FD09EE2283F724B0015567C /* AppDelegate.swift in Sources */,
				6F03B4BD284236F90047E456 /* SaveActiveFilterUseCase.swift in Sources */,
				6F03B4C728423C2F0047E456 /* Character+Mapper.swift in Sources */,
				6F03B4AD284230B00047E456 /* DependencyInjector.swift in Sources */,
				6F03B4A02840E6280047E456 /* FilterViewController.swift in Sources */,
				6F03B4D728424DCC0047E456 /* NonPersistentErrors.swift in Sources */,
				6F03B4B9284236DB0047E456 /* GetFilterValuesUseCase.swift in Sources */,
				6F6E6395283F794B004347DE /* NetworkRepository.swift in Sources */,
				6F6E639A283F7AAE004347DE /* NetworkRepositoryProtocol.swift in Sources */,
				6F03B4AA2840EB630047E456 /* Box.swift in Sources */,
				6F03B4E72843C3B90047E456 /* CharacterDetailsUi.swift in Sources */,
				6FD09EE4283F724B0015567C /* SceneDelegate.swift in Sources */,
				6F6E63A1283F8447004347DE /* NetworkErrors.swift in Sources */,
				6F03B4B52842368E0047E456 /* GetCharactersUseCase.swift in Sources */,
				6F03B497283FB35E0047E456 /* NetworkErrors+Extensions.swift in Sources */,
				6F03B4BF284237050047E456 /* ResetActiveFilterUseCase.swift in Sources */,
			);
			runOnlyForDeploymentPostprocessing = 0;
		};
		6FD09EF0283F724B0015567C /* Sources */ = {
			isa = PBXSourcesBuildPhase;
			buildActionMask = 2147483647;
			files = (
				6FD09EF9283F724B0015567C /* AxaTestTests.swift in Sources */,
			);
			runOnlyForDeploymentPostprocessing = 0;
		};
		6FD09EFA283F724B0015567C /* Sources */ = {
			isa = PBXSourcesBuildPhase;
			buildActionMask = 2147483647;
			files = (
				6FD09F03283F724B0015567C /* AxaTestUITests.swift in Sources */,
				6FD09F05283F724B0015567C /* AxaTestUITestsLaunchTests.swift in Sources */,
			);
			runOnlyForDeploymentPostprocessing = 0;
		};
/* End PBXSourcesBuildPhase section */

/* Begin PBXTargetDependency section */
		6FD09EF6283F724B0015567C /* PBXTargetDependency */ = {
			isa = PBXTargetDependency;
			target = 6FD09EDD283F724B0015567C /* AxaTest */;
			targetProxy = 6FD09EF5283F724B0015567C /* PBXContainerItemProxy */;
		};
		6FD09F00283F724B0015567C /* PBXTargetDependency */ = {
			isa = PBXTargetDependency;
			target = 6FD09EDD283F724B0015567C /* AxaTest */;
			targetProxy = 6FD09EFF283F724B0015567C /* PBXContainerItemProxy */;
		};
/* End PBXTargetDependency section */

/* Begin PBXVariantGroup section */
		6FD09EE7283F724B0015567C /* Main.storyboard */ = {
			isa = PBXVariantGroup;
			children = (
				6FD09EE8283F724B0015567C /* Base */,
			);
			name = Main.storyboard;
			sourceTree = "<group>";
		};
		6FD09EEC283F724B0015567C /* LaunchScreen.storyboard */ = {
			isa = PBXVariantGroup;
			children = (
				6FD09EED283F724B0015567C /* Base */,
			);
			name = LaunchScreen.storyboard;
			sourceTree = "<group>";
		};
/* End PBXVariantGroup section */

/* Begin XCBuildConfiguration section */
		6FD09F06283F724B0015567C /* Debug */ = {
			isa = XCBuildConfiguration;
			buildSettings = {
				ALWAYS_SEARCH_USER_PATHS = NO;
				CLANG_ANALYZER_NONNULL = YES;
				CLANG_ANALYZER_NUMBER_OBJECT_CONVERSION = YES_AGGRESSIVE;
				CLANG_CXX_LANGUAGE_STANDARD = "gnu++17";
				CLANG_ENABLE_MODULES = YES;
				CLANG_ENABLE_OBJC_ARC = YES;
				CLANG_ENABLE_OBJC_WEAK = YES;
				CLANG_WARN_BLOCK_CAPTURE_AUTORELEASING = YES;
				CLANG_WARN_BOOL_CONVERSION = YES;
				CLANG_WARN_COMMA = YES;
				CLANG_WARN_CONSTANT_CONVERSION = YES;
				CLANG_WARN_DEPRECATED_OBJC_IMPLEMENTATIONS = YES;
				CLANG_WARN_DIRECT_OBJC_ISA_USAGE = YES_ERROR;
				CLANG_WARN_DOCUMENTATION_COMMENTS = YES;
				CLANG_WARN_EMPTY_BODY = YES;
				CLANG_WARN_ENUM_CONVERSION = YES;
				CLANG_WARN_INFINITE_RECURSION = YES;
				CLANG_WARN_INT_CONVERSION = YES;
				CLANG_WARN_NON_LITERAL_NULL_CONVERSION = YES;
				CLANG_WARN_OBJC_IMPLICIT_RETAIN_SELF = YES;
				CLANG_WARN_OBJC_LITERAL_CONVERSION = YES;
				CLANG_WARN_OBJC_ROOT_CLASS = YES_ERROR;
				CLANG_WARN_QUOTED_INCLUDE_IN_FRAMEWORK_HEADER = YES;
				CLANG_WARN_RANGE_LOOP_ANALYSIS = YES;
				CLANG_WARN_STRICT_PROTOTYPES = YES;
				CLANG_WARN_SUSPICIOUS_MOVE = YES;
				CLANG_WARN_UNGUARDED_AVAILABILITY = YES_AGGRESSIVE;
				CLANG_WARN_UNREACHABLE_CODE = YES;
				CLANG_WARN__DUPLICATE_METHOD_MATCH = YES;
				COPY_PHASE_STRIP = NO;
				DEBUG_INFORMATION_FORMAT = dwarf;
				ENABLE_STRICT_OBJC_MSGSEND = YES;
				ENABLE_TESTABILITY = YES;
				GCC_C_LANGUAGE_STANDARD = gnu11;
				GCC_DYNAMIC_NO_PIC = NO;
				GCC_NO_COMMON_BLOCKS = YES;
				GCC_OPTIMIZATION_LEVEL = 0;
				GCC_PREPROCESSOR_DEFINITIONS = (
					"DEBUG=1",
					"$(inherited)",
				);
				GCC_WARN_64_TO_32_BIT_CONVERSION = YES;
				GCC_WARN_ABOUT_RETURN_TYPE = YES_ERROR;
				GCC_WARN_UNDECLARED_SELECTOR = YES;
				GCC_WARN_UNINITIALIZED_AUTOS = YES_AGGRESSIVE;
				GCC_WARN_UNUSED_FUNCTION = YES;
				GCC_WARN_UNUSED_VARIABLE = YES;
				IPHONEOS_DEPLOYMENT_TARGET = 15.4;
				MTL_ENABLE_DEBUG_INFO = INCLUDE_SOURCE;
				MTL_FAST_MATH = YES;
				ONLY_ACTIVE_ARCH = YES;
				SDKROOT = iphoneos;
				SWIFT_ACTIVE_COMPILATION_CONDITIONS = DEBUG;
				SWIFT_OPTIMIZATION_LEVEL = "-Onone";
			};
			name = Debug;
		};
		6FD09F07283F724B0015567C /* Release */ = {
			isa = XCBuildConfiguration;
			buildSettings = {
				ALWAYS_SEARCH_USER_PATHS = NO;
				CLANG_ANALYZER_NONNULL = YES;
				CLANG_ANALYZER_NUMBER_OBJECT_CONVERSION = YES_AGGRESSIVE;
				CLANG_CXX_LANGUAGE_STANDARD = "gnu++17";
				CLANG_ENABLE_MODULES = YES;
				CLANG_ENABLE_OBJC_ARC = YES;
				CLANG_ENABLE_OBJC_WEAK = YES;
				CLANG_WARN_BLOCK_CAPTURE_AUTORELEASING = YES;
				CLANG_WARN_BOOL_CONVERSION = YES;
				CLANG_WARN_COMMA = YES;
				CLANG_WARN_CONSTANT_CONVERSION = YES;
				CLANG_WARN_DEPRECATED_OBJC_IMPLEMENTATIONS = YES;
				CLANG_WARN_DIRECT_OBJC_ISA_USAGE = YES_ERROR;
				CLANG_WARN_DOCUMENTATION_COMMENTS = YES;
				CLANG_WARN_EMPTY_BODY = YES;
				CLANG_WARN_ENUM_CONVERSION = YES;
				CLANG_WARN_INFINITE_RECURSION = YES;
				CLANG_WARN_INT_CONVERSION = YES;
				CLANG_WARN_NON_LITERAL_NULL_CONVERSION = YES;
				CLANG_WARN_OBJC_IMPLICIT_RETAIN_SELF = YES;
				CLANG_WARN_OBJC_LITERAL_CONVERSION = YES;
				CLANG_WARN_OBJC_ROOT_CLASS = YES_ERROR;
				CLANG_WARN_QUOTED_INCLUDE_IN_FRAMEWORK_HEADER = YES;
				CLANG_WARN_RANGE_LOOP_ANALYSIS = YES;
				CLANG_WARN_STRICT_PROTOTYPES = YES;
				CLANG_WARN_SUSPICIOUS_MOVE = YES;
				CLANG_WARN_UNGUARDED_AVAILABILITY = YES_AGGRESSIVE;
				CLANG_WARN_UNREACHABLE_CODE = YES;
				CLANG_WARN__DUPLICATE_METHOD_MATCH = YES;
				COPY_PHASE_STRIP = NO;
				DEBUG_INFORMATION_FORMAT = "dwarf-with-dsym";
				ENABLE_NS_ASSERTIONS = NO;
				ENABLE_STRICT_OBJC_MSGSEND = YES;
				GCC_C_LANGUAGE_STANDARD = gnu11;
				GCC_NO_COMMON_BLOCKS = YES;
				GCC_WARN_64_TO_32_BIT_CONVERSION = YES;
				GCC_WARN_ABOUT_RETURN_TYPE = YES_ERROR;
				GCC_WARN_UNDECLARED_SELECTOR = YES;
				GCC_WARN_UNINITIALIZED_AUTOS = YES_AGGRESSIVE;
				GCC_WARN_UNUSED_FUNCTION = YES;
				GCC_WARN_UNUSED_VARIABLE = YES;
				IPHONEOS_DEPLOYMENT_TARGET = 15.4;
				MTL_ENABLE_DEBUG_INFO = NO;
				MTL_FAST_MATH = YES;
				SDKROOT = iphoneos;
				SWIFT_COMPILATION_MODE = wholemodule;
				SWIFT_OPTIMIZATION_LEVEL = "-O";
				VALIDATE_PRODUCT = YES;
			};
			name = Release;
		};
		6FD09F09283F724B0015567C /* Debug */ = {
			isa = XCBuildConfiguration;
			buildSettings = {
				ASSETCATALOG_COMPILER_APPICON_NAME = AppIcon;
				ASSETCATALOG_COMPILER_GLOBAL_ACCENT_COLOR_NAME = AccentColor;
				CODE_SIGN_STYLE = Automatic;
				CURRENT_PROJECT_VERSION = 1;
				DEVELOPMENT_TEAM = X7FQ3DUR48;
				GENERATE_INFOPLIST_FILE = YES;
				INFOPLIST_FILE = AxaTest/resources/Info.plist;
				INFOPLIST_KEY_UIApplicationSupportsIndirectInputEvents = YES;
				INFOPLIST_KEY_UILaunchStoryboardName = LaunchScreen;
				INFOPLIST_KEY_UIMainStoryboardFile = Main;
				INFOPLIST_KEY_UISupportedInterfaceOrientations_iPad = "UIInterfaceOrientationPortrait UIInterfaceOrientationPortraitUpsideDown UIInterfaceOrientationLandscapeLeft UIInterfaceOrientationLandscapeRight";
				INFOPLIST_KEY_UISupportedInterfaceOrientations_iPhone = "UIInterfaceOrientationPortrait UIInterfaceOrientationLandscapeLeft UIInterfaceOrientationLandscapeRight";
				LD_RUNPATH_SEARCH_PATHS = (
					"$(inherited)",
					"@executable_path/Frameworks",
				);
				MARKETING_VERSION = 1.0;
				PRODUCT_BUNDLE_IDENTIFIER = jaimearanaz.AxaTest;
				PRODUCT_NAME = "$(TARGET_NAME)";
				SWIFT_EMIT_LOC_STRINGS = YES;
				SWIFT_VERSION = 5.0;
				TARGETED_DEVICE_FAMILY = "1,2";
			};
			name = Debug;
		};
		6FD09F0A283F724B0015567C /* Release */ = {
			isa = XCBuildConfiguration;
			buildSettings = {
				ASSETCATALOG_COMPILER_APPICON_NAME = AppIcon;
				ASSETCATALOG_COMPILER_GLOBAL_ACCENT_COLOR_NAME = AccentColor;
				CODE_SIGN_STYLE = Automatic;
				CURRENT_PROJECT_VERSION = 1;
				DEVELOPMENT_TEAM = X7FQ3DUR48;
				GENERATE_INFOPLIST_FILE = YES;
				INFOPLIST_FILE = AxaTest/resources/Info.plist;
				INFOPLIST_KEY_UIApplicationSupportsIndirectInputEvents = YES;
				INFOPLIST_KEY_UILaunchStoryboardName = LaunchScreen;
				INFOPLIST_KEY_UIMainStoryboardFile = Main;
				INFOPLIST_KEY_UISupportedInterfaceOrientations_iPad = "UIInterfaceOrientationPortrait UIInterfaceOrientationPortraitUpsideDown UIInterfaceOrientationLandscapeLeft UIInterfaceOrientationLandscapeRight";
				INFOPLIST_KEY_UISupportedInterfaceOrientations_iPhone = "UIInterfaceOrientationPortrait UIInterfaceOrientationLandscapeLeft UIInterfaceOrientationLandscapeRight";
				LD_RUNPATH_SEARCH_PATHS = (
					"$(inherited)",
					"@executable_path/Frameworks",
				);
				MARKETING_VERSION = 1.0;
				PRODUCT_BUNDLE_IDENTIFIER = jaimearanaz.AxaTest;
				PRODUCT_NAME = "$(TARGET_NAME)";
				SWIFT_EMIT_LOC_STRINGS = YES;
				SWIFT_VERSION = 5.0;
				TARGETED_DEVICE_FAMILY = "1,2";
			};
			name = Release;
		};
		6FD09F0C283F724B0015567C /* Debug */ = {
			isa = XCBuildConfiguration;
			buildSettings = {
				ALWAYS_EMBED_SWIFT_STANDARD_LIBRARIES = YES;
				BUNDLE_LOADER = "$(TEST_HOST)";
				CODE_SIGN_STYLE = Automatic;
				CURRENT_PROJECT_VERSION = 1;
				GENERATE_INFOPLIST_FILE = YES;
				IPHONEOS_DEPLOYMENT_TARGET = 15.4;
				MARKETING_VERSION = 1.0;
				PRODUCT_BUNDLE_IDENTIFIER = jaimearanaz.AxaTestTests;
				PRODUCT_NAME = "$(TARGET_NAME)";
				SWIFT_EMIT_LOC_STRINGS = NO;
				SWIFT_VERSION = 5.0;
				TARGETED_DEVICE_FAMILY = "1,2";
				TEST_HOST = "$(BUILT_PRODUCTS_DIR)/AxaTest.app/AxaTest";
			};
			name = Debug;
		};
		6FD09F0D283F724B0015567C /* Release */ = {
			isa = XCBuildConfiguration;
			buildSettings = {
				ALWAYS_EMBED_SWIFT_STANDARD_LIBRARIES = YES;
				BUNDLE_LOADER = "$(TEST_HOST)";
				CODE_SIGN_STYLE = Automatic;
				CURRENT_PROJECT_VERSION = 1;
				GENERATE_INFOPLIST_FILE = YES;
				IPHONEOS_DEPLOYMENT_TARGET = 15.4;
				MARKETING_VERSION = 1.0;
				PRODUCT_BUNDLE_IDENTIFIER = jaimearanaz.AxaTestTests;
				PRODUCT_NAME = "$(TARGET_NAME)";
				SWIFT_EMIT_LOC_STRINGS = NO;
				SWIFT_VERSION = 5.0;
				TARGETED_DEVICE_FAMILY = "1,2";
				TEST_HOST = "$(BUILT_PRODUCTS_DIR)/AxaTest.app/AxaTest";
			};
			name = Release;
		};
		6FD09F0F283F724B0015567C /* Debug */ = {
			isa = XCBuildConfiguration;
			buildSettings = {
				ALWAYS_EMBED_SWIFT_STANDARD_LIBRARIES = YES;
				CODE_SIGN_STYLE = Automatic;
				CURRENT_PROJECT_VERSION = 1;
				GENERATE_INFOPLIST_FILE = YES;
				MARKETING_VERSION = 1.0;
				PRODUCT_BUNDLE_IDENTIFIER = jaimearanaz.AxaTestUITests;
				PRODUCT_NAME = "$(TARGET_NAME)";
				SWIFT_EMIT_LOC_STRINGS = NO;
				SWIFT_VERSION = 5.0;
				TARGETED_DEVICE_FAMILY = "1,2";
				TEST_TARGET_NAME = AxaTest;
			};
			name = Debug;
		};
		6FD09F10283F724B0015567C /* Release */ = {
			isa = XCBuildConfiguration;
			buildSettings = {
				ALWAYS_EMBED_SWIFT_STANDARD_LIBRARIES = YES;
				CODE_SIGN_STYLE = Automatic;
				CURRENT_PROJECT_VERSION = 1;
				GENERATE_INFOPLIST_FILE = YES;
				MARKETING_VERSION = 1.0;
				PRODUCT_BUNDLE_IDENTIFIER = jaimearanaz.AxaTestUITests;
				PRODUCT_NAME = "$(TARGET_NAME)";
				SWIFT_EMIT_LOC_STRINGS = NO;
				SWIFT_VERSION = 5.0;
				TARGETED_DEVICE_FAMILY = "1,2";
				TEST_TARGET_NAME = AxaTest;
			};
			name = Release;
		};
/* End XCBuildConfiguration section */

/* Begin XCConfigurationList section */
		6FD09ED9283F724B0015567C /* Build configuration list for PBXProject "AxaTest" */ = {
			isa = XCConfigurationList;
			buildConfigurations = (
				6FD09F06283F724B0015567C /* Debug */,
				6FD09F07283F724B0015567C /* Release */,
			);
			defaultConfigurationIsVisible = 0;
			defaultConfigurationName = Release;
		};
		6FD09F08283F724B0015567C /* Build configuration list for PBXNativeTarget "AxaTest" */ = {
			isa = XCConfigurationList;
			buildConfigurations = (
				6FD09F09283F724B0015567C /* Debug */,
				6FD09F0A283F724B0015567C /* Release */,
			);
			defaultConfigurationIsVisible = 0;
			defaultConfigurationName = Release;
		};
		6FD09F0B283F724B0015567C /* Build configuration list for PBXNativeTarget "AxaTestTests" */ = {
			isa = XCConfigurationList;
			buildConfigurations = (
				6FD09F0C283F724B0015567C /* Debug */,
				6FD09F0D283F724B0015567C /* Release */,
			);
			defaultConfigurationIsVisible = 0;
			defaultConfigurationName = Release;
		};
		6FD09F0E283F724B0015567C /* Build configuration list for PBXNativeTarget "AxaTestUITests" */ = {
			isa = XCConfigurationList;
			buildConfigurations = (
				6FD09F0F283F724B0015567C /* Debug */,
				6FD09F10283F724B0015567C /* Release */,
			);
			defaultConfigurationIsVisible = 0;
			defaultConfigurationName = Release;
		};
/* End XCConfigurationList section */
	};
	rootObject = 6FD09ED6283F724B0015567C /* Project object */;
}
